// !$*UTF8*$!
{
	archiveVersion = 1;
	classes = {
	};
	objectVersion = 51;
	objects = {

/* Begin PBXBuildFile section */
		1E367489CC71257C238CA41D /* Pods_ParamedicsApp.framework in Frameworks */ = {isa = PBXBuildFile; fileRef = 4E208F7C3708F1276B864EB8 /* Pods_ParamedicsApp.framework */; };
		3F08B8082740BCC10074EC20 /* RateView.xib in Resources */ = {isa = PBXBuildFile; fileRef = 3F08B8072740BCC10074EC20 /* RateView.xib */; };
		3F08B80A2740BCCD0074EC20 /* RateView.swift in Sources */ = {isa = PBXBuildFile; fileRef = 3F08B8092740BCCD0074EC20 /* RateView.swift */; };
		3F1062DF27503EA8000A59DF /* AlertUtilities.swift in Sources */ = {isa = PBXBuildFile; fileRef = 3F1062DE27503EA8000A59DF /* AlertUtilities.swift */; };
		3F17CF67275C436200874DCB /* StringUtilitiesTests.swift in Sources */ = {isa = PBXBuildFile; fileRef = 3F17CF66275C436200874DCB /* StringUtilitiesTests.swift */; };
		3F17CF6B275C4F9600874DCB /* EmailUtilitiesTests.swift in Sources */ = {isa = PBXBuildFile; fileRef = 3F17CF6A275C4F9600874DCB /* EmailUtilitiesTests.swift */; };
		3F17CF6D275C5C2700874DCB /* DateTimeUtilitiesTests.swift in Sources */ = {isa = PBXBuildFile; fileRef = 3F17CF6C275C5C2700874DCB /* DateTimeUtilitiesTests.swift */; };
		3F17CF71275D313700874DCB /* UserProfileTests.swift in Sources */ = {isa = PBXBuildFile; fileRef = 3F17CF70275D313700874DCB /* UserProfileTests.swift */; };
		3F17CF73275D33E600874DCB /* ParamedicsSlowTests.swift in Sources */ = {isa = PBXBuildFile; fileRef = 3F17CF72275D33E600874DCB /* ParamedicsSlowTests.swift */; };
		3F17CF75275E941A00874DCB /* ContactItemCell.xib in Resources */ = {isa = PBXBuildFile; fileRef = 3F17CF74275E941A00874DCB /* ContactItemCell.xib */; };
		3F17CF77275E95CD00874DCB /* ContactItemCell.swift in Sources */ = {isa = PBXBuildFile; fileRef = 3F17CF76275E95CD00874DCB /* ContactItemCell.swift */; };
		3F17FDFA2740425900BE78DB /* EdmontonSymptonViewController.swift in Sources */ = {isa = PBXBuildFile; fileRef = 3F17FDF92740425900BE78DB /* EdmontonSymptonViewController.swift */; };
		3F17FDFC274043A100BE78DB /* RateCell.swift in Sources */ = {isa = PBXBuildFile; fileRef = 3F17FDFB274043A100BE78DB /* RateCell.swift */; };
		3F17FDFE274043B000BE78DB /* RateCell.xib in Resources */ = {isa = PBXBuildFile; fileRef = 3F17FDFD274043B000BE78DB /* RateCell.xib */; };
		3F1A87E32740AA25000407C8 /* WithdrawalCell.swift in Sources */ = {isa = PBXBuildFile; fileRef = 3F1A87E22740AA25000407C8 /* WithdrawalCell.swift */; };
		3F1A87E52740AA3D000407C8 /* WithdrawalCell.xib in Resources */ = {isa = PBXBuildFile; fileRef = 3F1A87E42740AA3D000407C8 /* WithdrawalCell.xib */; };
		3F1A87E72740B1E8000407C8 /* AlcoholWithdrawalViewController.swift in Sources */ = {isa = PBXBuildFile; fileRef = 3F1A87E62740B1E8000407C8 /* AlcoholWithdrawalViewController.swift */; };
		3F2E3D6C2752D67A0003D88F /* Resource.swift in Sources */ = {isa = PBXBuildFile; fileRef = 3F2E3D6B2752D67A0003D88F /* Resource.swift */; };
		3F347E5D27288F40000E4306 /* QuestionInfor.swift in Sources */ = {isa = PBXBuildFile; fileRef = 3F347E5C27288F40000E4306 /* QuestionInfor.swift */; };
		3F3A21F2271F207D0036A045 /* LayoutConstraints.swift in Sources */ = {isa = PBXBuildFile; fileRef = 3F3A21F1271F207D0036A045 /* LayoutConstraints.swift */; };
		3F3A21F4271F290A0036A045 /* ChoiceWithInputCell.swift in Sources */ = {isa = PBXBuildFile; fileRef = 3F3A21F3271F290A0036A045 /* ChoiceWithInputCell.swift */; };
		3F3A21F6271F29380036A045 /* ChoiceWithInputCell.xib in Resources */ = {isa = PBXBuildFile; fileRef = 3F3A21F5271F29380036A045 /* ChoiceWithInputCell.xib */; };
		3F50A374275801660053C65E /* SignInViewController.swift in Sources */ = {isa = PBXBuildFile; fileRef = 3F50A373275801660053C65E /* SignInViewController.swift */; };
		3F50A376275966390053C65E /* KeyChain.swift in Sources */ = {isa = PBXBuildFile; fileRef = 3F50A375275966390053C65E /* KeyChain.swift */; };
		3F520F522716046700B037DD /* AssessmentsViewController.swift in Sources */ = {isa = PBXBuildFile; fileRef = 3F520F512716046700B037DD /* AssessmentsViewController.swift */; };
		3F520F54271605FD00B037DD /* AssessmentItemCell.xib in Resources */ = {isa = PBXBuildFile; fileRef = 3F520F53271605FD00B037DD /* AssessmentItemCell.xib */; };
		3F520F572716067000B037DD /* AssessmentItemCell.swift in Sources */ = {isa = PBXBuildFile; fileRef = 3F520F562716067000B037DD /* AssessmentItemCell.swift */; };
		3F520F59271614B700B037DD /* MobilityTUGViewController.swift in Sources */ = {isa = PBXBuildFile; fileRef = 3F520F58271614B700B037DD /* MobilityTUGViewController.swift */; };
		3F520F5B2716164200B037DD /* Identifiers.swift in Sources */ = {isa = PBXBuildFile; fileRef = 3F520F5A2716164200B037DD /* Identifiers.swift */; };
		3F59BACB273037B400A261C3 /* DateTypeUtilities.swift in Sources */ = {isa = PBXBuildFile; fileRef = 3F59BACA273037B300A261C3 /* DateTypeUtilities.swift */; };
		3F5A0716271D0D830087C9E9 /* LabelAndCheckRadioCell.swift in Sources */ = {isa = PBXBuildFile; fileRef = 3F5A0715271D0D830087C9E9 /* LabelAndCheckRadioCell.swift */; };
		3F5A0719271D0DB50087C9E9 /* LabelAndCheckRadioCell.xib in Resources */ = {isa = PBXBuildFile; fileRef = 3F5A0718271D0DB50087C9E9 /* LabelAndCheckRadioCell.xib */; };
		3F649229270BA50500DE0350 /* AppDelegate.swift in Sources */ = {isa = PBXBuildFile; fileRef = 3F649228270BA50500DE0350 /* AppDelegate.swift */; };
		3F64922B270BA50500DE0350 /* SceneDelegate.swift in Sources */ = {isa = PBXBuildFile; fileRef = 3F64922A270BA50500DE0350 /* SceneDelegate.swift */; };
		3F649230270BA50500DE0350 /* Main.storyboard in Resources */ = {isa = PBXBuildFile; fileRef = 3F64922E270BA50500DE0350 /* Main.storyboard */; };
		3F649233270BA50500DE0350 /* ParamedicsApp.xcdatamodeld in Sources */ = {isa = PBXBuildFile; fileRef = 3F649231270BA50500DE0350 /* ParamedicsApp.xcdatamodeld */; };
		3F649235270BA50900DE0350 /* Assets.xcassets in Resources */ = {isa = PBXBuildFile; fileRef = 3F649234270BA50900DE0350 /* Assets.xcassets */; };
		3F649238270BA50900DE0350 /* LaunchScreen.storyboard in Resources */ = {isa = PBXBuildFile; fileRef = 3F649236270BA50900DE0350 /* LaunchScreen.storyboard */; };
		3F649243270BA50900DE0350 /* SigninModelTests.swift in Sources */ = {isa = PBXBuildFile; fileRef = 3F649242270BA50900DE0350 /* SigninModelTests.swift */; };
		3F64924E270BA50900DE0350 /* SignInScreenUITests.swift in Sources */ = {isa = PBXBuildFile; fileRef = 3F64924D270BA50900DE0350 /* SignInScreenUITests.swift */; };
		3F649266270F969900DE0350 /* AssessmentFoldersViewController.swift in Sources */ = {isa = PBXBuildFile; fileRef = 3F649265270F969900DE0350 /* AssessmentFoldersViewController.swift */; };
		3F649268270F96B000DE0350 /* ResourcesViewController.swift in Sources */ = {isa = PBXBuildFile; fileRef = 3F649267270F96B000DE0350 /* ResourcesViewController.swift */; };
		3F64926A270F96BD00DE0350 /* ContactsViewController.swift in Sources */ = {isa = PBXBuildFile; fileRef = 3F649269270F96BD00DE0350 /* ContactsViewController.swift */; };
		3F6B2FA92742DF1500F881CE /* ResourceCell.swift in Sources */ = {isa = PBXBuildFile; fileRef = 3F6B2FA82742DF1500F881CE /* ResourceCell.swift */; };
		3F6B2FAB2742DFFC00F881CE /* ResourceCell.xib in Resources */ = {isa = PBXBuildFile; fileRef = 3F6B2FAA2742DFFC00F881CE /* ResourceCell.xib */; };
		3F6B2FAD2742E89100F881CE /* ResourcesModel.swift in Sources */ = {isa = PBXBuildFile; fileRef = 3F6B2FAC2742E89000F881CE /* ResourcesModel.swift */; };
		3F6B2FAF2742F96F00F881CE /* ResourceDetailsViewController.swift in Sources */ = {isa = PBXBuildFile; fileRef = 3F6B2FAE2742F96F00F881CE /* ResourceDetailsViewController.swift */; };
		3F6B2FB12742F98D00F881CE /* ResourceWebViewController.swift in Sources */ = {isa = PBXBuildFile; fileRef = 3F6B2FB02742F98D00F881CE /* ResourceWebViewController.swift */; };
		3F6B2FB32742FD6600F881CE /* ContactInforCell.swift in Sources */ = {isa = PBXBuildFile; fileRef = 3F6B2FB22742FD6600F881CE /* ContactInforCell.swift */; };
		3F6B2FB52742FD7200F881CE /* ContactInforCell.xib in Resources */ = {isa = PBXBuildFile; fileRef = 3F6B2FB42742FD7200F881CE /* ContactInforCell.xib */; };
		3F6B2FB72742FFC600F881CE /* WebsiteURLCell.swift in Sources */ = {isa = PBXBuildFile; fileRef = 3F6B2FB62742FFC600F881CE /* WebsiteURLCell.swift */; };
		3F6B2FB92742FFD400F881CE /* WebsiteURLCell.xib in Resources */ = {isa = PBXBuildFile; fileRef = 3F6B2FB82742FFD400F881CE /* WebsiteURLCell.xib */; };
		3F6B2FBB2743048D00F881CE /* WebKit.framework in Frameworks */ = {isa = PBXBuildFile; fileRef = 3F6B2FBA2743048D00F881CE /* WebKit.framework */; };
		3F6C9902274567680072A286 /* FirstTypeCell.xib in Resources */ = {isa = PBXBuildFile; fileRef = 3F6C9901274567680072A286 /* FirstTypeCell.xib */; };
		3F6C9904274567E60072A286 /* FirstTypeCell.swift in Sources */ = {isa = PBXBuildFile; fileRef = 3F6C9903274567E60072A286 /* FirstTypeCell.swift */; };
		3F7868642719ED63001615A7 /* AssessmentModel.swift in Sources */ = {isa = PBXBuildFile; fileRef = 3F7868632719ED63001615A7 /* AssessmentModel.swift */; };
		3F7D2029271CB57A0053236B /* YesNoQuestionCell.xib in Resources */ = {isa = PBXBuildFile; fileRef = 3F7D2028271CB57A0053236B /* YesNoQuestionCell.xib */; };
		3F7D202B271CB6660053236B /* YesNoQuestionCell.swift in Sources */ = {isa = PBXBuildFile; fileRef = 3F7D202A271CB6660053236B /* YesNoQuestionCell.swift */; };
		3F7D202D271CB8270053236B /* MultipleChoiceQuestionCell.xib in Resources */ = {isa = PBXBuildFile; fileRef = 3F7D202C271CB8270053236B /* MultipleChoiceQuestionCell.xib */; };
		3F7D202F271CB8440053236B /* MultipleChoiceQuestionCell.swift in Sources */ = {isa = PBXBuildFile; fileRef = 3F7D202E271CB8440053236B /* MultipleChoiceQuestionCell.swift */; };
		3F7D2031271CBCDF0053236B /* FormMetadataCell.xib in Resources */ = {isa = PBXBuildFile; fileRef = 3F7D2030271CBCDF0053236B /* FormMetadataCell.xib */; };
		3F7D2033271CBCEB0053236B /* FormMetadataCell.swift in Sources */ = {isa = PBXBuildFile; fileRef = 3F7D2032271CBCEB0053236B /* FormMetadataCell.swift */; };
		3F7D2035271CBEB90053236B /* MultipleChoiceWithInputQuestionCell.xib in Resources */ = {isa = PBXBuildFile; fileRef = 3F7D2034271CBEB90053236B /* MultipleChoiceWithInputQuestionCell.xib */; };
		3F7D2037271CBF8C0053236B /* MultipleChoiceWithInputQuestionCell.swift in Sources */ = {isa = PBXBuildFile; fileRef = 3F7D2036271CBF8C0053236B /* MultipleChoiceWithInputQuestionCell.swift */; };
		3F7D2039271CC2FB0053236B /* FillUpQuestionCell.xib in Resources */ = {isa = PBXBuildFile; fileRef = 3F7D2038271CC2FB0053236B /* FillUpQuestionCell.xib */; };
		3F7D203B271CC3110053236B /* FillUpQuestionCell.swift in Sources */ = {isa = PBXBuildFile; fileRef = 3F7D203A271CC3110053236B /* FillUpQuestionCell.swift */; };
		3F7D203D271CD2140053236B /* BlankCell.xib in Resources */ = {isa = PBXBuildFile; fileRef = 3F7D203C271CD2140053236B /* BlankCell.xib */; };
		3F7D203F271CD2260053236B /* BlankCell.swift in Sources */ = {isa = PBXBuildFile; fileRef = 3F7D203E271CD2260053236B /* BlankCell.swift */; };
		3F837A6327457222003E24DE /* MiniMentalStateViewController.swift in Sources */ = {isa = PBXBuildFile; fileRef = 3F837A6227457222003E24DE /* MiniMentalStateViewController.swift */; };
		3F837A652745875C003E24DE /* SecondTypeCell.swift in Sources */ = {isa = PBXBuildFile; fileRef = 3F837A642745875C003E24DE /* SecondTypeCell.swift */; };
		3F837A6727458765003E24DE /* SecondTypeCell.xib in Resources */ = {isa = PBXBuildFile; fileRef = 3F837A6627458765003E24DE /* SecondTypeCell.xib */; };
		3F837A6927459C98003E24DE /* ThirdTypeCell.xib in Resources */ = {isa = PBXBuildFile; fileRef = 3F837A6827459C98003E24DE /* ThirdTypeCell.xib */; };
		3F837A6B2745A168003E24DE /* ThirdTypeCell.swift in Sources */ = {isa = PBXBuildFile; fileRef = 3F837A6A2745A168003E24DE /* ThirdTypeCell.swift */; };
		3F841A7A27128ABE00E68973 /* ColorExtensions.swift in Sources */ = {isa = PBXBuildFile; fileRef = 3F841A7927128ABE00E68973 /* ColorExtensions.swift */; };
		3F841A7C27128ADE00E68973 /* Box.swift in Sources */ = {isa = PBXBuildFile; fileRef = 3F841A7B27128ADE00E68973 /* Box.swift */; };
		3F841A7E27128CDC00E68973 /* UIExtensions.swift in Sources */ = {isa = PBXBuildFile; fileRef = 3F841A7D27128CDC00E68973 /* UIExtensions.swift */; };
		3F841A8027128CF600E68973 /* TableViewUtilities.swift in Sources */ = {isa = PBXBuildFile; fileRef = 3F841A7F27128CF600E68973 /* TableViewUtilities.swift */; };
		3F841A8427128D7300E68973 /* NetworkReachability.swift in Sources */ = {isa = PBXBuildFile; fileRef = 3F841A8327128D7200E68973 /* NetworkReachability.swift */; };
		3F841A8827128F4700E68973 /* AssessementFolder.swift in Sources */ = {isa = PBXBuildFile; fileRef = 3F841A8727128F4700E68973 /* AssessementFolder.swift */; };
		3F841A8A2712900D00E68973 /* NetworkingServices.swift in Sources */ = {isa = PBXBuildFile; fileRef = 3F841A892712900D00E68973 /* NetworkingServices.swift */; };
		3F841A8D271290A400E68973 /* ViewModel.swift in Sources */ = {isa = PBXBuildFile; fileRef = 3F841A8C271290A400E68973 /* ViewModel.swift */; };
		3F8D6D27275534C5007980A2 /* ContactModel.swift in Sources */ = {isa = PBXBuildFile; fileRef = 3F8D6D26275534C5007980A2 /* ContactModel.swift */; };
		3F8D6D2927554DD3007980A2 /* ContactUtilities.swift in Sources */ = {isa = PBXBuildFile; fileRef = 3F8D6D2827554DD3007980A2 /* ContactUtilities.swift */; };
		3F8D6D2C27556A8E007980A2 /* ContactCell1.swift in Sources */ = {isa = PBXBuildFile; fileRef = 3F8D6D2B27556A8E007980A2 /* ContactCell1.swift */; };
		3F8D6D2E27556A9A007980A2 /* ContactCell1.xib in Resources */ = {isa = PBXBuildFile; fileRef = 3F8D6D2D27556A9A007980A2 /* ContactCell1.xib */; };
		3F8D6D3027556AA9007980A2 /* ContactCell2.swift in Sources */ = {isa = PBXBuildFile; fileRef = 3F8D6D2F27556AA9007980A2 /* ContactCell2.swift */; };
		3F8D6D3227556AB6007980A2 /* ContactCell2.xib in Resources */ = {isa = PBXBuildFile; fileRef = 3F8D6D3127556AB6007980A2 /* ContactCell2.xib */; };
		3F934BCE27651D69006C1BD6 /* AssessmentFormUITests.swift in Sources */ = {isa = PBXBuildFile; fileRef = 3F934BCD27651D69006C1BD6 /* AssessmentFormUITests.swift */; };
		3F9A0D7B273E15C100144F5C /* AssessmentForm.swift in Sources */ = {isa = PBXBuildFile; fileRef = 3F9A0D7A273E15C100144F5C /* AssessmentForm.swift */; };
		3F9B8F4C2755C8C40016655D /* Extension.swift in Sources */ = {isa = PBXBuildFile; fileRef = 3F9B8F4B2755C8C40016655D /* Extension.swift */; };
		3FA365A5273989F200068F45 /* RiskFactorCell.swift in Sources */ = {isa = PBXBuildFile; fileRef = 3FA365A4273989F200068F45 /* RiskFactorCell.swift */; };
		3FA365A7273989FF00068F45 /* RiskFactorCell.xib in Resources */ = {isa = PBXBuildFile; fileRef = 3FA365A6273989FF00068F45 /* RiskFactorCell.xib */; };
		3FA365AB27398A2400068F45 /* DefinitionCell.xib in Resources */ = {isa = PBXBuildFile; fileRef = 3FA365AA27398A2400068F45 /* DefinitionCell.xib */; };
		3FA365AD27398E3800068F45 /* DefinitionCell.swift in Sources */ = {isa = PBXBuildFile; fileRef = 3FA365AC27398E3800068F45 /* DefinitionCell.swift */; };
		3FA365AF273990DB00068F45 /* ClientFallRiskViewController.swift in Sources */ = {isa = PBXBuildFile; fileRef = 3FA365AE273990DB00068F45 /* ClientFallRiskViewController.swift */; };
		3FA365B22739965300068F45 /* MainCell.swift in Sources */ = {isa = PBXBuildFile; fileRef = 3FA365B12739965300068F45 /* MainCell.swift */; };
		3FA365B42739967B00068F45 /* MainCell.xib in Resources */ = {isa = PBXBuildFile; fileRef = 3FA365B32739967B00068F45 /* MainCell.xib */; };
		3FA673632747636200D2F518 /* TextViewCell.xib in Resources */ = {isa = PBXBuildFile; fileRef = 3FA673622747636200D2F518 /* TextViewCell.xib */; };
		3FA673652747636D00D2F518 /* TextViewCell.swift in Sources */ = {isa = PBXBuildFile; fileRef = 3FA673642747636D00D2F518 /* TextViewCell.swift */; };
		3FAD74F7275A8B9000081176 /* MenuListController.swift in Sources */ = {isa = PBXBuildFile; fileRef = 3FAD74F6275A8B9000081176 /* MenuListController.swift */; };
		3FB51701271DFB7200A837D9 /* LabelAndInputCell.xib in Resources */ = {isa = PBXBuildFile; fileRef = 3FB51700271DFB7200A837D9 /* LabelAndInputCell.xib */; };
		3FB51703271DFB9700A837D9 /* LabelAndInputCell.swift in Sources */ = {isa = PBXBuildFile; fileRef = 3FB51702271DFB9700A837D9 /* LabelAndInputCell.swift */; };
		3FB51708271E1E7900A837D9 /* FormSubmitCell.swift in Sources */ = {isa = PBXBuildFile; fileRef = 3FB51707271E1E7900A837D9 /* FormSubmitCell.swift */; };
		3FB5170A271E1E9900A837D9 /* FormSubmitCell.xib in Resources */ = {isa = PBXBuildFile; fileRef = 3FB51709271E1E9900A837D9 /* FormSubmitCell.xib */; };
		3FC2BCB4275C275E00A7CD9E /* SignInModel.swift in Sources */ = {isa = PBXBuildFile; fileRef = 3FC2BCB3275C275E00A7CD9E /* SignInModel.swift */; };
		3FCEA040272E1D6D00CDB834 /* QuestionTitleCell.swift in Sources */ = {isa = PBXBuildFile; fileRef = 3FCEA03F272E1D6D00CDB834 /* QuestionTitleCell.swift */; };
		3FCEA043272E1DCD00CDB834 /* QuestionTitleCell.xib in Resources */ = {isa = PBXBuildFile; fileRef = 3FCEA042272E1DCD00CDB834 /* QuestionTitleCell.xib */; };
		3FD6BDF8275A9B6D0066B928 /* InforProtectActViewController.swift in Sources */ = {isa = PBXBuildFile; fileRef = 3FD6BDF7275A9B6D0066B928 /* InforProtectActViewController.swift */; };
		3FD6BDFA275A9CB50066B928 /* InforProtectAct.swift in Sources */ = {isa = PBXBuildFile; fileRef = 3FD6BDF9275A9CB50066B928 /* InforProtectAct.swift */; };
		3FD6BDFC275AA14E0066B928 /* MenuUtilities.swift in Sources */ = {isa = PBXBuildFile; fileRef = 3FD6BDFB275AA14E0066B928 /* MenuUtilities.swift */; };
		3FD6BDFE275AAF1A0066B928 /* UserProfile.swift in Sources */ = {isa = PBXBuildFile; fileRef = 3FD6BDFD275AAF1A0066B928 /* UserProfile.swift */; };
		3FE72AEE2737161F00728E26 /* TextFieldUtilities.swift in Sources */ = {isa = PBXBuildFile; fileRef = 3FE72AED2737161F00728E26 /* TextFieldUtilities.swift */; };
		3FFF475427541CD000A5CB1C /* PhoneCallUtilities.swift in Sources */ = {isa = PBXBuildFile; fileRef = 3FFF475327541CD000A5CB1C /* PhoneCallUtilities.swift */; };
		3FFF4756275422CE00A5CB1C /* EmailUtilities.swift in Sources */ = {isa = PBXBuildFile; fileRef = 3FFF4755275422CE00A5CB1C /* EmailUtilities.swift */; };
		3FFF475827543B8F00A5CB1C /* SubContactViewController.swift in Sources */ = {isa = PBXBuildFile; fileRef = 3FFF475727543B8F00A5CB1C /* SubContactViewController.swift */; };
		3FFF475A27543BC700A5CB1C /* ContactDetailsViewController.swift in Sources */ = {isa = PBXBuildFile; fileRef = 3FFF475927543BC700A5CB1C /* ContactDetailsViewController.swift */; };
		3FFF475C27546CEB00A5CB1C /* CodableUtilities.swift in Sources */ = {isa = PBXBuildFile; fileRef = 3FFF475B27546CEB00A5CB1C /* CodableUtilities.swift */; };
		DDE805AAFB1796E6170F8487 /* Pods_ParamedicsApp.framework in Frameworks */ = {isa = PBXBuildFile; fileRef = 3F934BD1276523E1006C1BD6 /* Pods_ParamedicsApp.framework */; };
/* End PBXBuildFile section */

/* Begin PBXContainerItemProxy section */
		3F64923F270BA50900DE0350 /* PBXContainerItemProxy */ = {
			isa = PBXContainerItemProxy;
			containerPortal = 3F64921D270BA50500DE0350 /* Project object */;
			proxyType = 1;
			remoteGlobalIDString = 3F649224270BA50500DE0350;
			remoteInfo = GuelpWellingtonParamedicsApp;
		};
		3F64924A270BA50900DE0350 /* PBXContainerItemProxy */ = {
			isa = PBXContainerItemProxy;
			containerPortal = 3F64921D270BA50500DE0350 /* Project object */;
			proxyType = 1;
			remoteGlobalIDString = 3F649224270BA50500DE0350;
			remoteInfo = GuelpWellingtonParamedicsApp;
		};
/* End PBXContainerItemProxy section */

/* Begin PBXFileReference section */
		0BF42CA3C969A621D8DDCD89 /* Pods-ParamedicsApp.release.xcconfig */ = {isa = PBXFileReference; includeInIndex = 1; lastKnownFileType = text.xcconfig; name = "Pods-ParamedicsApp.release.xcconfig"; path = "Target Support Files/Pods-ParamedicsApp/Pods-ParamedicsApp.release.xcconfig"; sourceTree = "<group>"; };
		36B12CE87E7F46393A5FF3D1 /* Pods-GuelpWellingtonParamedicsApp.debug.xcconfig */ = {isa = PBXFileReference; includeInIndex = 1; lastKnownFileType = text.xcconfig; name = "Pods-GuelpWellingtonParamedicsApp.debug.xcconfig"; path = "Target Support Files/Pods-GuelpWellingtonParamedicsApp/Pods-GuelpWellingtonParamedicsApp.debug.xcconfig"; sourceTree = "<group>"; };
		3F08B8072740BCC10074EC20 /* RateView.xib */ = {isa = PBXFileReference; lastKnownFileType = file.xib; path = RateView.xib; sourceTree = "<group>"; };
		3F08B8092740BCCD0074EC20 /* RateView.swift */ = {isa = PBXFileReference; lastKnownFileType = sourcecode.swift; path = RateView.swift; sourceTree = "<group>"; };
		3F1062DE27503EA8000A59DF /* AlertUtilities.swift */ = {isa = PBXFileReference; lastKnownFileType = sourcecode.swift; path = AlertUtilities.swift; sourceTree = "<group>"; };
		3F17CF66275C436200874DCB /* StringUtilitiesTests.swift */ = {isa = PBXFileReference; lastKnownFileType = sourcecode.swift; path = StringUtilitiesTests.swift; sourceTree = "<group>"; };
		3F17CF6A275C4F9600874DCB /* EmailUtilitiesTests.swift */ = {isa = PBXFileReference; lastKnownFileType = sourcecode.swift; path = EmailUtilitiesTests.swift; sourceTree = "<group>"; };
		3F17CF6C275C5C2700874DCB /* DateTimeUtilitiesTests.swift */ = {isa = PBXFileReference; lastKnownFileType = sourcecode.swift; path = DateTimeUtilitiesTests.swift; sourceTree = "<group>"; };
		3F17CF70275D313700874DCB /* UserProfileTests.swift */ = {isa = PBXFileReference; lastKnownFileType = sourcecode.swift; path = UserProfileTests.swift; sourceTree = "<group>"; };
		3F17CF72275D33E600874DCB /* ParamedicsSlowTests.swift */ = {isa = PBXFileReference; lastKnownFileType = sourcecode.swift; path = ParamedicsSlowTests.swift; sourceTree = "<group>"; };
		3F17CF74275E941A00874DCB /* ContactItemCell.xib */ = {isa = PBXFileReference; lastKnownFileType = file.xib; path = ContactItemCell.xib; sourceTree = "<group>"; };
		3F17CF76275E95CD00874DCB /* ContactItemCell.swift */ = {isa = PBXFileReference; lastKnownFileType = sourcecode.swift; path = ContactItemCell.swift; sourceTree = "<group>"; };
		3F17FDF92740425900BE78DB /* EdmontonSymptonViewController.swift */ = {isa = PBXFileReference; lastKnownFileType = sourcecode.swift; path = EdmontonSymptonViewController.swift; sourceTree = "<group>"; };
		3F17FDFB274043A100BE78DB /* RateCell.swift */ = {isa = PBXFileReference; lastKnownFileType = sourcecode.swift; path = RateCell.swift; sourceTree = "<group>"; };
		3F17FDFD274043B000BE78DB /* RateCell.xib */ = {isa = PBXFileReference; lastKnownFileType = file.xib; path = RateCell.xib; sourceTree = "<group>"; };
		3F1A87E22740AA25000407C8 /* WithdrawalCell.swift */ = {isa = PBXFileReference; lastKnownFileType = sourcecode.swift; path = WithdrawalCell.swift; sourceTree = "<group>"; };
		3F1A87E42740AA3D000407C8 /* WithdrawalCell.xib */ = {isa = PBXFileReference; lastKnownFileType = file.xib; path = WithdrawalCell.xib; sourceTree = "<group>"; };
		3F1A87E62740B1E8000407C8 /* AlcoholWithdrawalViewController.swift */ = {isa = PBXFileReference; lastKnownFileType = sourcecode.swift; path = AlcoholWithdrawalViewController.swift; sourceTree = "<group>"; };
		3F2E3D6B2752D67A0003D88F /* Resource.swift */ = {isa = PBXFileReference; lastKnownFileType = sourcecode.swift; path = Resource.swift; sourceTree = "<group>"; };
		3F347E5C27288F40000E4306 /* QuestionInfor.swift */ = {isa = PBXFileReference; lastKnownFileType = sourcecode.swift; path = QuestionInfor.swift; sourceTree = "<group>"; };
		3F3A21F1271F207D0036A045 /* LayoutConstraints.swift */ = {isa = PBXFileReference; lastKnownFileType = sourcecode.swift; path = LayoutConstraints.swift; sourceTree = "<group>"; };
		3F3A21F3271F290A0036A045 /* ChoiceWithInputCell.swift */ = {isa = PBXFileReference; lastKnownFileType = sourcecode.swift; path = ChoiceWithInputCell.swift; sourceTree = "<group>"; };
		3F3A21F5271F29380036A045 /* ChoiceWithInputCell.xib */ = {isa = PBXFileReference; lastKnownFileType = file.xib; path = ChoiceWithInputCell.xib; sourceTree = "<group>"; };
		3F50A373275801660053C65E /* SignInViewController.swift */ = {isa = PBXFileReference; lastKnownFileType = sourcecode.swift; path = SignInViewController.swift; sourceTree = "<group>"; };
		3F50A375275966390053C65E /* KeyChain.swift */ = {isa = PBXFileReference; lastKnownFileType = sourcecode.swift; path = KeyChain.swift; sourceTree = "<group>"; };
		3F520F512716046700B037DD /* AssessmentsViewController.swift */ = {isa = PBXFileReference; lastKnownFileType = sourcecode.swift; path = AssessmentsViewController.swift; sourceTree = "<group>"; };
		3F520F53271605FD00B037DD /* AssessmentItemCell.xib */ = {isa = PBXFileReference; lastKnownFileType = file.xib; path = AssessmentItemCell.xib; sourceTree = "<group>"; };
		3F520F562716067000B037DD /* AssessmentItemCell.swift */ = {isa = PBXFileReference; lastKnownFileType = sourcecode.swift; path = AssessmentItemCell.swift; sourceTree = "<group>"; };
		3F520F58271614B700B037DD /* MobilityTUGViewController.swift */ = {isa = PBXFileReference; lastKnownFileType = sourcecode.swift; path = MobilityTUGViewController.swift; sourceTree = "<group>"; };
		3F520F5A2716164200B037DD /* Identifiers.swift */ = {isa = PBXFileReference; lastKnownFileType = sourcecode.swift; path = Identifiers.swift; sourceTree = "<group>"; };
		3F59BACA273037B300A261C3 /* DateTypeUtilities.swift */ = {isa = PBXFileReference; lastKnownFileType = sourcecode.swift; path = DateTypeUtilities.swift; sourceTree = "<group>"; };
		3F5A0715271D0D830087C9E9 /* LabelAndCheckRadioCell.swift */ = {isa = PBXFileReference; lastKnownFileType = sourcecode.swift; path = LabelAndCheckRadioCell.swift; sourceTree = "<group>"; };
		3F5A0718271D0DB50087C9E9 /* LabelAndCheckRadioCell.xib */ = {isa = PBXFileReference; lastKnownFileType = file.xib; path = LabelAndCheckRadioCell.xib; sourceTree = "<group>"; };
		3F649225270BA50500DE0350 /* ParamedicsApp.app */ = {isa = PBXFileReference; explicitFileType = wrapper.application; includeInIndex = 0; path = ParamedicsApp.app; sourceTree = BUILT_PRODUCTS_DIR; };
		3F649228270BA50500DE0350 /* AppDelegate.swift */ = {isa = PBXFileReference; lastKnownFileType = sourcecode.swift; path = AppDelegate.swift; sourceTree = "<group>"; };
		3F64922A270BA50500DE0350 /* SceneDelegate.swift */ = {isa = PBXFileReference; lastKnownFileType = sourcecode.swift; path = SceneDelegate.swift; sourceTree = "<group>"; };
		3F64922F270BA50500DE0350 /* Base */ = {isa = PBXFileReference; lastKnownFileType = file.storyboard; name = Base; path = Base.lproj/Main.storyboard; sourceTree = "<group>"; };
		3F649232270BA50500DE0350 /* GuelpWellingtonParamedicsApp.xcdatamodel */ = {isa = PBXFileReference; lastKnownFileType = wrapper.xcdatamodel; path = GuelpWellingtonParamedicsApp.xcdatamodel; sourceTree = "<group>"; };
		3F649234270BA50900DE0350 /* Assets.xcassets */ = {isa = PBXFileReference; lastKnownFileType = folder.assetcatalog; path = Assets.xcassets; sourceTree = "<group>"; };
		3F649237270BA50900DE0350 /* Base */ = {isa = PBXFileReference; lastKnownFileType = file.storyboard; name = Base; path = Base.lproj/LaunchScreen.storyboard; sourceTree = "<group>"; };
		3F649239270BA50900DE0350 /* Info.plist */ = {isa = PBXFileReference; lastKnownFileType = text.plist.xml; path = Info.plist; sourceTree = "<group>"; };
		3F64923E270BA50900DE0350 /* ParamedicsAppTests.xctest */ = {isa = PBXFileReference; explicitFileType = wrapper.cfbundle; includeInIndex = 0; path = ParamedicsAppTests.xctest; sourceTree = BUILT_PRODUCTS_DIR; };
		3F649242270BA50900DE0350 /* SigninModelTests.swift */ = {isa = PBXFileReference; lastKnownFileType = sourcecode.swift; path = SigninModelTests.swift; sourceTree = "<group>"; };
		3F649244270BA50900DE0350 /* Info.plist */ = {isa = PBXFileReference; lastKnownFileType = text.plist.xml; path = Info.plist; sourceTree = "<group>"; };
		3F649249270BA50900DE0350 /* ParamedicsAppUITests.xctest */ = {isa = PBXFileReference; explicitFileType = wrapper.cfbundle; includeInIndex = 0; path = ParamedicsAppUITests.xctest; sourceTree = BUILT_PRODUCTS_DIR; };
		3F64924D270BA50900DE0350 /* SignInScreenUITests.swift */ = {isa = PBXFileReference; lastKnownFileType = sourcecode.swift; path = SignInScreenUITests.swift; sourceTree = "<group>"; };
		3F64924F270BA50900DE0350 /* Info.plist */ = {isa = PBXFileReference; lastKnownFileType = text.plist.xml; path = Info.plist; sourceTree = "<group>"; };
		3F649265270F969900DE0350 /* AssessmentFoldersViewController.swift */ = {isa = PBXFileReference; lastKnownFileType = sourcecode.swift; path = AssessmentFoldersViewController.swift; sourceTree = "<group>"; };
		3F649267270F96B000DE0350 /* ResourcesViewController.swift */ = {isa = PBXFileReference; lastKnownFileType = sourcecode.swift; path = ResourcesViewController.swift; sourceTree = "<group>"; };
		3F649269270F96BD00DE0350 /* ContactsViewController.swift */ = {isa = PBXFileReference; lastKnownFileType = sourcecode.swift; path = ContactsViewController.swift; sourceTree = "<group>"; };
		3F6B2FA82742DF1500F881CE /* ResourceCell.swift */ = {isa = PBXFileReference; lastKnownFileType = sourcecode.swift; path = ResourceCell.swift; sourceTree = "<group>"; };
		3F6B2FAA2742DFFC00F881CE /* ResourceCell.xib */ = {isa = PBXFileReference; lastKnownFileType = file.xib; path = ResourceCell.xib; sourceTree = "<group>"; };
		3F6B2FAC2742E89000F881CE /* ResourcesModel.swift */ = {isa = PBXFileReference; lastKnownFileType = sourcecode.swift; path = ResourcesModel.swift; sourceTree = "<group>"; };
		3F6B2FAE2742F96F00F881CE /* ResourceDetailsViewController.swift */ = {isa = PBXFileReference; lastKnownFileType = sourcecode.swift; path = ResourceDetailsViewController.swift; sourceTree = "<group>"; };
		3F6B2FB02742F98D00F881CE /* ResourceWebViewController.swift */ = {isa = PBXFileReference; lastKnownFileType = sourcecode.swift; path = ResourceWebViewController.swift; sourceTree = "<group>"; };
		3F6B2FB22742FD6600F881CE /* ContactInforCell.swift */ = {isa = PBXFileReference; lastKnownFileType = sourcecode.swift; path = ContactInforCell.swift; sourceTree = "<group>"; };
		3F6B2FB42742FD7200F881CE /* ContactInforCell.xib */ = {isa = PBXFileReference; lastKnownFileType = file.xib; path = ContactInforCell.xib; sourceTree = "<group>"; };
		3F6B2FB62742FFC600F881CE /* WebsiteURLCell.swift */ = {isa = PBXFileReference; lastKnownFileType = sourcecode.swift; path = WebsiteURLCell.swift; sourceTree = "<group>"; };
		3F6B2FB82742FFD400F881CE /* WebsiteURLCell.xib */ = {isa = PBXFileReference; lastKnownFileType = file.xib; path = WebsiteURLCell.xib; sourceTree = "<group>"; };
		3F6B2FBA2743048D00F881CE /* WebKit.framework */ = {isa = PBXFileReference; lastKnownFileType = wrapper.framework; name = WebKit.framework; path = System/Library/Frameworks/WebKit.framework; sourceTree = SDKROOT; };
		3F6C9901274567680072A286 /* FirstTypeCell.xib */ = {isa = PBXFileReference; lastKnownFileType = file.xib; path = FirstTypeCell.xib; sourceTree = "<group>"; };
		3F6C9903274567E60072A286 /* FirstTypeCell.swift */ = {isa = PBXFileReference; lastKnownFileType = sourcecode.swift; path = FirstTypeCell.swift; sourceTree = "<group>"; };
		3F7868632719ED63001615A7 /* AssessmentModel.swift */ = {isa = PBXFileReference; lastKnownFileType = sourcecode.swift; path = AssessmentModel.swift; sourceTree = "<group>"; };
		3F7D2028271CB57A0053236B /* YesNoQuestionCell.xib */ = {isa = PBXFileReference; lastKnownFileType = file.xib; path = YesNoQuestionCell.xib; sourceTree = "<group>"; };
		3F7D202A271CB6660053236B /* YesNoQuestionCell.swift */ = {isa = PBXFileReference; lastKnownFileType = sourcecode.swift; path = YesNoQuestionCell.swift; sourceTree = "<group>"; };
		3F7D202C271CB8270053236B /* MultipleChoiceQuestionCell.xib */ = {isa = PBXFileReference; lastKnownFileType = file.xib; path = MultipleChoiceQuestionCell.xib; sourceTree = "<group>"; };
		3F7D202E271CB8440053236B /* MultipleChoiceQuestionCell.swift */ = {isa = PBXFileReference; lastKnownFileType = sourcecode.swift; path = MultipleChoiceQuestionCell.swift; sourceTree = "<group>"; };
		3F7D2030271CBCDF0053236B /* FormMetadataCell.xib */ = {isa = PBXFileReference; lastKnownFileType = file.xib; path = FormMetadataCell.xib; sourceTree = "<group>"; };
		3F7D2032271CBCEB0053236B /* FormMetadataCell.swift */ = {isa = PBXFileReference; lastKnownFileType = sourcecode.swift; path = FormMetadataCell.swift; sourceTree = "<group>"; };
		3F7D2034271CBEB90053236B /* MultipleChoiceWithInputQuestionCell.xib */ = {isa = PBXFileReference; lastKnownFileType = file.xib; path = MultipleChoiceWithInputQuestionCell.xib; sourceTree = "<group>"; };
		3F7D2036271CBF8C0053236B /* MultipleChoiceWithInputQuestionCell.swift */ = {isa = PBXFileReference; lastKnownFileType = sourcecode.swift; path = MultipleChoiceWithInputQuestionCell.swift; sourceTree = "<group>"; };
		3F7D2038271CC2FB0053236B /* FillUpQuestionCell.xib */ = {isa = PBXFileReference; lastKnownFileType = file.xib; path = FillUpQuestionCell.xib; sourceTree = "<group>"; };
		3F7D203A271CC3110053236B /* FillUpQuestionCell.swift */ = {isa = PBXFileReference; lastKnownFileType = sourcecode.swift; path = FillUpQuestionCell.swift; sourceTree = "<group>"; };
		3F7D203C271CD2140053236B /* BlankCell.xib */ = {isa = PBXFileReference; lastKnownFileType = file.xib; path = BlankCell.xib; sourceTree = "<group>"; };
		3F7D203E271CD2260053236B /* BlankCell.swift */ = {isa = PBXFileReference; lastKnownFileType = sourcecode.swift; path = BlankCell.swift; sourceTree = "<group>"; };
		3F837A6227457222003E24DE /* MiniMentalStateViewController.swift */ = {isa = PBXFileReference; lastKnownFileType = sourcecode.swift; path = MiniMentalStateViewController.swift; sourceTree = "<group>"; };
		3F837A642745875C003E24DE /* SecondTypeCell.swift */ = {isa = PBXFileReference; lastKnownFileType = sourcecode.swift; path = SecondTypeCell.swift; sourceTree = "<group>"; };
		3F837A6627458765003E24DE /* SecondTypeCell.xib */ = {isa = PBXFileReference; lastKnownFileType = file.xib; path = SecondTypeCell.xib; sourceTree = "<group>"; };
		3F837A6827459C98003E24DE /* ThirdTypeCell.xib */ = {isa = PBXFileReference; lastKnownFileType = file.xib; path = ThirdTypeCell.xib; sourceTree = "<group>"; };
		3F837A6A2745A168003E24DE /* ThirdTypeCell.swift */ = {isa = PBXFileReference; lastKnownFileType = sourcecode.swift; path = ThirdTypeCell.swift; sourceTree = "<group>"; };
		3F841A7927128ABE00E68973 /* ColorExtensions.swift */ = {isa = PBXFileReference; lastKnownFileType = sourcecode.swift; path = ColorExtensions.swift; sourceTree = "<group>"; };
		3F841A7B27128ADE00E68973 /* Box.swift */ = {isa = PBXFileReference; lastKnownFileType = sourcecode.swift; path = Box.swift; sourceTree = "<group>"; };
		3F841A7D27128CDC00E68973 /* UIExtensions.swift */ = {isa = PBXFileReference; lastKnownFileType = sourcecode.swift; path = UIExtensions.swift; sourceTree = "<group>"; };
		3F841A7F27128CF600E68973 /* TableViewUtilities.swift */ = {isa = PBXFileReference; lastKnownFileType = sourcecode.swift; path = TableViewUtilities.swift; sourceTree = "<group>"; };
		3F841A8327128D7200E68973 /* NetworkReachability.swift */ = {isa = PBXFileReference; lastKnownFileType = sourcecode.swift; path = NetworkReachability.swift; sourceTree = "<group>"; };
		3F841A8727128F4700E68973 /* AssessementFolder.swift */ = {isa = PBXFileReference; lastKnownFileType = sourcecode.swift; path = AssessementFolder.swift; sourceTree = "<group>"; };
		3F841A892712900D00E68973 /* NetworkingServices.swift */ = {isa = PBXFileReference; lastKnownFileType = sourcecode.swift; path = NetworkingServices.swift; sourceTree = "<group>"; };
		3F841A8C271290A400E68973 /* ViewModel.swift */ = {isa = PBXFileReference; lastKnownFileType = sourcecode.swift; path = ViewModel.swift; sourceTree = "<group>"; };
		3F8D6D26275534C5007980A2 /* ContactModel.swift */ = {isa = PBXFileReference; lastKnownFileType = sourcecode.swift; path = ContactModel.swift; sourceTree = "<group>"; };
		3F8D6D2827554DD3007980A2 /* ContactUtilities.swift */ = {isa = PBXFileReference; lastKnownFileType = sourcecode.swift; path = ContactUtilities.swift; sourceTree = "<group>"; };
		3F8D6D2B27556A8E007980A2 /* ContactCell1.swift */ = {isa = PBXFileReference; lastKnownFileType = sourcecode.swift; path = ContactCell1.swift; sourceTree = "<group>"; };
		3F8D6D2D27556A9A007980A2 /* ContactCell1.xib */ = {isa = PBXFileReference; lastKnownFileType = file.xib; path = ContactCell1.xib; sourceTree = "<group>"; };
		3F8D6D2F27556AA9007980A2 /* ContactCell2.swift */ = {isa = PBXFileReference; lastKnownFileType = sourcecode.swift; path = ContactCell2.swift; sourceTree = "<group>"; };
		3F8D6D3127556AB6007980A2 /* ContactCell2.xib */ = {isa = PBXFileReference; lastKnownFileType = file.xib; path = ContactCell2.xib; sourceTree = "<group>"; };
		3F934BCD27651D69006C1BD6 /* AssessmentFormUITests.swift */ = {isa = PBXFileReference; lastKnownFileType = sourcecode.swift; path = AssessmentFormUITests.swift; sourceTree = "<group>"; };
		3F934BCF276523E1006C1BD6 /* Kingfisher.framework */ = {isa = PBXFileReference; explicitFileType = wrapper.framework; path = Kingfisher.framework; sourceTree = BUILT_PRODUCTS_DIR; };
		3F934BD1276523E1006C1BD6 /* Pods_ParamedicsApp.framework */ = {isa = PBXFileReference; explicitFileType = wrapper.framework; path = Pods_ParamedicsApp.framework; sourceTree = BUILT_PRODUCTS_DIR; };
		3F934BD3276523E1006C1BD6 /* SideMenu.framework */ = {isa = PBXFileReference; explicitFileType = wrapper.framework; path = SideMenu.framework; sourceTree = BUILT_PRODUCTS_DIR; };
		3F934BD5276523E1006C1BD6 /* SkeletonView.framework */ = {isa = PBXFileReference; explicitFileType = wrapper.framework; path = SkeletonView.framework; sourceTree = BUILT_PRODUCTS_DIR; };
		3F934BD7276523E1006C1BD6 /* VerticalSteppedSlider.framework */ = {isa = PBXFileReference; explicitFileType = wrapper.framework; path = VerticalSteppedSlider.framework; sourceTree = BUILT_PRODUCTS_DIR; };
		3F934BD92765247F006C1BD6 /* Kingfisher.framework */ = {isa = PBXFileReference; explicitFileType = wrapper.framework; path = Kingfisher.framework; sourceTree = BUILT_PRODUCTS_DIR; };
		3F934BDB2765247F006C1BD6 /* SideMenu.framework */ = {isa = PBXFileReference; explicitFileType = wrapper.framework; path = SideMenu.framework; sourceTree = BUILT_PRODUCTS_DIR; };
		3F934BDD2765247F006C1BD6 /* SkeletonView.framework */ = {isa = PBXFileReference; explicitFileType = wrapper.framework; path = SkeletonView.framework; sourceTree = BUILT_PRODUCTS_DIR; };
		3F934BDF2765247F006C1BD6 /* VerticalSteppedSlider.framework */ = {isa = PBXFileReference; explicitFileType = wrapper.framework; path = VerticalSteppedSlider.framework; sourceTree = BUILT_PRODUCTS_DIR; };
		3F934BE1276524FF006C1BD6 /* SideMenu.framework */ = {isa = PBXFileReference; explicitFileType = wrapper.framework; path = SideMenu.framework; sourceTree = BUILT_PRODUCTS_DIR; };
		3F9A0D7A273E15C100144F5C /* AssessmentForm.swift */ = {isa = PBXFileReference; lastKnownFileType = sourcecode.swift; path = AssessmentForm.swift; sourceTree = "<group>"; };
		3F9B8F4B2755C8C40016655D /* Extension.swift */ = {isa = PBXFileReference; lastKnownFileType = sourcecode.swift; path = Extension.swift; sourceTree = "<group>"; };
		3FA365A4273989F200068F45 /* RiskFactorCell.swift */ = {isa = PBXFileReference; lastKnownFileType = sourcecode.swift; path = RiskFactorCell.swift; sourceTree = "<group>"; };
		3FA365A6273989FF00068F45 /* RiskFactorCell.xib */ = {isa = PBXFileReference; lastKnownFileType = file.xib; path = RiskFactorCell.xib; sourceTree = "<group>"; };
		3FA365AA27398A2400068F45 /* DefinitionCell.xib */ = {isa = PBXFileReference; lastKnownFileType = file.xib; path = DefinitionCell.xib; sourceTree = "<group>"; };
		3FA365AC27398E3800068F45 /* DefinitionCell.swift */ = {isa = PBXFileReference; lastKnownFileType = sourcecode.swift; path = DefinitionCell.swift; sourceTree = "<group>"; };
		3FA365AE273990DB00068F45 /* ClientFallRiskViewController.swift */ = {isa = PBXFileReference; lastKnownFileType = sourcecode.swift; path = ClientFallRiskViewController.swift; sourceTree = "<group>"; };
		3FA365B12739965300068F45 /* MainCell.swift */ = {isa = PBXFileReference; lastKnownFileType = sourcecode.swift; path = MainCell.swift; sourceTree = "<group>"; };
		3FA365B32739967B00068F45 /* MainCell.xib */ = {isa = PBXFileReference; lastKnownFileType = file.xib; path = MainCell.xib; sourceTree = "<group>"; };
		3FA673622747636200D2F518 /* TextViewCell.xib */ = {isa = PBXFileReference; lastKnownFileType = file.xib; path = TextViewCell.xib; sourceTree = "<group>"; };
		3FA673642747636D00D2F518 /* TextViewCell.swift */ = {isa = PBXFileReference; lastKnownFileType = sourcecode.swift; path = TextViewCell.swift; sourceTree = "<group>"; };
		3FAD74F6275A8B9000081176 /* MenuListController.swift */ = {isa = PBXFileReference; lastKnownFileType = sourcecode.swift; path = MenuListController.swift; sourceTree = "<group>"; };
		3FB51700271DFB7200A837D9 /* LabelAndInputCell.xib */ = {isa = PBXFileReference; lastKnownFileType = file.xib; path = LabelAndInputCell.xib; sourceTree = "<group>"; };
		3FB51702271DFB9700A837D9 /* LabelAndInputCell.swift */ = {isa = PBXFileReference; lastKnownFileType = sourcecode.swift; path = LabelAndInputCell.swift; sourceTree = "<group>"; };
		3FB51707271E1E7900A837D9 /* FormSubmitCell.swift */ = {isa = PBXFileReference; lastKnownFileType = sourcecode.swift; path = FormSubmitCell.swift; sourceTree = "<group>"; };
		3FB51709271E1E9900A837D9 /* FormSubmitCell.xib */ = {isa = PBXFileReference; lastKnownFileType = file.xib; path = FormSubmitCell.xib; sourceTree = "<group>"; };
		3FC2BCB3275C275E00A7CD9E /* SignInModel.swift */ = {isa = PBXFileReference; lastKnownFileType = sourcecode.swift; path = SignInModel.swift; sourceTree = "<group>"; };
		3FCEA03F272E1D6D00CDB834 /* QuestionTitleCell.swift */ = {isa = PBXFileReference; lastKnownFileType = sourcecode.swift; path = QuestionTitleCell.swift; sourceTree = "<group>"; };
		3FCEA042272E1DCD00CDB834 /* QuestionTitleCell.xib */ = {isa = PBXFileReference; lastKnownFileType = file.xib; path = QuestionTitleCell.xib; sourceTree = "<group>"; };
		3FD6BDF7275A9B6D0066B928 /* InforProtectActViewController.swift */ = {isa = PBXFileReference; lastKnownFileType = sourcecode.swift; path = InforProtectActViewController.swift; sourceTree = "<group>"; };
		3FD6BDF9275A9CB50066B928 /* InforProtectAct.swift */ = {isa = PBXFileReference; lastKnownFileType = sourcecode.swift; path = InforProtectAct.swift; sourceTree = "<group>"; };
		3FD6BDFB275AA14E0066B928 /* MenuUtilities.swift */ = {isa = PBXFileReference; lastKnownFileType = sourcecode.swift; path = MenuUtilities.swift; sourceTree = "<group>"; };
		3FD6BDFD275AAF1A0066B928 /* UserProfile.swift */ = {isa = PBXFileReference; lastKnownFileType = sourcecode.swift; path = UserProfile.swift; sourceTree = "<group>"; };
		3FE72AED2737161F00728E26 /* TextFieldUtilities.swift */ = {isa = PBXFileReference; lastKnownFileType = sourcecode.swift; path = TextFieldUtilities.swift; sourceTree = "<group>"; };
		3FFF475327541CD000A5CB1C /* PhoneCallUtilities.swift */ = {isa = PBXFileReference; lastKnownFileType = sourcecode.swift; path = PhoneCallUtilities.swift; sourceTree = "<group>"; };
		3FFF4755275422CE00A5CB1C /* EmailUtilities.swift */ = {isa = PBXFileReference; lastKnownFileType = sourcecode.swift; path = EmailUtilities.swift; sourceTree = "<group>"; };
		3FFF475727543B8F00A5CB1C /* SubContactViewController.swift */ = {isa = PBXFileReference; lastKnownFileType = sourcecode.swift; path = SubContactViewController.swift; sourceTree = "<group>"; };
		3FFF475927543BC700A5CB1C /* ContactDetailsViewController.swift */ = {isa = PBXFileReference; lastKnownFileType = sourcecode.swift; path = ContactDetailsViewController.swift; sourceTree = "<group>"; };
		3FFF475B27546CEB00A5CB1C /* CodableUtilities.swift */ = {isa = PBXFileReference; lastKnownFileType = sourcecode.swift; path = CodableUtilities.swift; sourceTree = "<group>"; };
		4E208F7C3708F1276B864EB8 /* Pods_ParamedicsApp.framework */ = {isa = PBXFileReference; explicitFileType = wrapper.framework; includeInIndex = 0; path = Pods_ParamedicsApp.framework; sourceTree = BUILT_PRODUCTS_DIR; };
		6EE6705C01C401235FA10AAE /* Pods-GuelpWellingtonParamedicsApp.release.xcconfig */ = {isa = PBXFileReference; includeInIndex = 1; lastKnownFileType = text.xcconfig; name = "Pods-GuelpWellingtonParamedicsApp.release.xcconfig"; path = "Target Support Files/Pods-GuelpWellingtonParamedicsApp/Pods-GuelpWellingtonParamedicsApp.release.xcconfig"; sourceTree = "<group>"; };
		BCE7EE2452D4EF8D1EDCC124 /* Pods-ParamedicsApp.debug.xcconfig */ = {isa = PBXFileReference; includeInIndex = 1; lastKnownFileType = text.xcconfig; name = "Pods-ParamedicsApp.debug.xcconfig"; path = "Target Support Files/Pods-ParamedicsApp/Pods-ParamedicsApp.debug.xcconfig"; sourceTree = "<group>"; };
/* End PBXFileReference section */

/* Begin PBXFrameworksBuildPhase section */
		3F649222270BA50500DE0350 /* Frameworks */ = {
			isa = PBXFrameworksBuildPhase;
			buildActionMask = 2147483647;
			files = (
				3F6B2FBB2743048D00F881CE /* WebKit.framework in Frameworks */,
				1E367489CC71257C238CA41D /* Pods_ParamedicsApp.framework in Frameworks */,
				DDE805AAFB1796E6170F8487 /* Pods_ParamedicsApp.framework in Frameworks */,
			);
			runOnlyForDeploymentPostprocessing = 0;
		};
		3F64923B270BA50900DE0350 /* Frameworks */ = {
			isa = PBXFrameworksBuildPhase;
			buildActionMask = 2147483647;
			files = (
			);
			runOnlyForDeploymentPostprocessing = 0;
		};
		3F649246270BA50900DE0350 /* Frameworks */ = {
			isa = PBXFrameworksBuildPhase;
			buildActionMask = 2147483647;
			files = (
			);
			runOnlyForDeploymentPostprocessing = 0;
		};
/* End PBXFrameworksBuildPhase section */

/* Begin PBXGroup section */
		1575511F2117E82D90DE1C17 /* Frameworks */ = {
			isa = PBXGroup;
			children = (
				3F934BE1276524FF006C1BD6 /* SideMenu.framework */,
				3F934BD92765247F006C1BD6 /* Kingfisher.framework */,
				3F934BDB2765247F006C1BD6 /* SideMenu.framework */,
				3F934BDD2765247F006C1BD6 /* SkeletonView.framework */,
				3F934BDF2765247F006C1BD6 /* VerticalSteppedSlider.framework */,
				3F934BCF276523E1006C1BD6 /* Kingfisher.framework */,
				3F934BD1276523E1006C1BD6 /* Pods_ParamedicsApp.framework */,
				3F934BD3276523E1006C1BD6 /* SideMenu.framework */,
				3F934BD5276523E1006C1BD6 /* SkeletonView.framework */,
				3F934BD7276523E1006C1BD6 /* VerticalSteppedSlider.framework */,
				3F6B2FBA2743048D00F881CE /* WebKit.framework */,
				4E208F7C3708F1276B864EB8 /* Pods_ParamedicsApp.framework */,
			);
			name = Frameworks;
			sourceTree = "<group>";
		};
		3F17FDF62740363800BE78DB /* MiniMentalStateFormCell */ = {
			isa = PBXGroup;
			children = (
				3F6C9901274567680072A286 /* FirstTypeCell.xib */,
				3F6C9903274567E60072A286 /* FirstTypeCell.swift */,
				3F837A642745875C003E24DE /* SecondTypeCell.swift */,
				3F837A6627458765003E24DE /* SecondTypeCell.xib */,
				3F837A6827459C98003E24DE /* ThirdTypeCell.xib */,
				3F837A6A2745A168003E24DE /* ThirdTypeCell.swift */,
			);
			name = MiniMentalStateFormCell;
			sourceTree = "<group>";
		};
		3F17FDF7274040F400BE78DB /* EdmontonSymptonFormCell */ = {
			isa = PBXGroup;
			children = (
				3F17FDFB274043A100BE78DB /* RateCell.swift */,
				3F17FDFD274043B000BE78DB /* RateCell.xib */,
			);
			name = EdmontonSymptonFormCell;
			sourceTree = "<group>";
		};
		3F17FDF82740417B00BE78DB /* AlcoholWithdrawalFormCell */ = {
			isa = PBXGroup;
			children = (
				3F1A87E22740AA25000407C8 /* WithdrawalCell.swift */,
				3F1A87E42740AA3D000407C8 /* WithdrawalCell.xib */,
				3F08B8072740BCC10074EC20 /* RateView.xib */,
				3F08B8092740BCCD0074EC20 /* RateView.swift */,
				3FA673622747636200D2F518 /* TextViewCell.xib */,
				3FA673642747636D00D2F518 /* TextViewCell.swift */,
			);
			name = AlcoholWithdrawalFormCell;
			sourceTree = "<group>";
		};
		3F347E5927286811000E4306 /* Views */ = {
			isa = PBXGroup;
			children = (
				3F8D6D2A27556A1E007980A2 /* ContactCell */,
				3F6B2FA72742DCC800F881CE /* ResourcesCell */,
				3F841A93271292AA00E68973 /* AssessmentCell */,
			);
			path = Views;
			sourceTree = "<group>";
		};
		3F520F552716065600B037DD /* RegularCell */ = {
			isa = PBXGroup;
			children = (
				3F520F53271605FD00B037DD /* AssessmentItemCell.xib */,
				3F520F562716067000B037DD /* AssessmentItemCell.swift */,
				3F7D203C271CD2140053236B /* BlankCell.xib */,
				3F7D203E271CD2260053236B /* BlankCell.swift */,
				3FB51707271E1E7900A837D9 /* FormSubmitCell.swift */,
				3FB51709271E1E9900A837D9 /* FormSubmitCell.xib */,
			);
			path = RegularCell;
			sourceTree = "<group>";
		};
		3F5A0717271D0D920087C9E9 /* YesOrNoQuestionType */ = {
			isa = PBXGroup;
			children = (
				3F7D2028271CB57A0053236B /* YesNoQuestionCell.xib */,
				3F7D202A271CB6660053236B /* YesNoQuestionCell.swift */,
				3F5A0715271D0D830087C9E9 /* LabelAndCheckRadioCell.swift */,
				3F5A0718271D0DB50087C9E9 /* LabelAndCheckRadioCell.xib */,
			);
			path = YesOrNoQuestionType;
			sourceTree = "<group>";
		};
		3F64921C270BA50500DE0350 = {
			isa = PBXGroup;
			children = (
				3F649227270BA50500DE0350 /* ParamedicsApp */,
				3F649241270BA50900DE0350 /* ParamedicsAppTests */,
				3F64924C270BA50900DE0350 /* ParamedicsAppUITests */,
				3F649226270BA50500DE0350 /* Products */,
				E658467F97EF028D7999553B /* Pods */,
				1575511F2117E82D90DE1C17 /* Frameworks */,
			);
			sourceTree = "<group>";
		};
		3F649226270BA50500DE0350 /* Products */ = {
			isa = PBXGroup;
			children = (
				3F649225270BA50500DE0350 /* ParamedicsApp.app */,
				3F64923E270BA50900DE0350 /* ParamedicsAppTests.xctest */,
				3F649249270BA50900DE0350 /* ParamedicsAppUITests.xctest */,
			);
			name = Products;
			sourceTree = "<group>";
		};
		3F649227270BA50500DE0350 /* ParamedicsApp */ = {
			isa = PBXGroup;
			children = (
				3F347E5927286811000E4306 /* Views */,
				3F7868622719ECC4001615A7 /* Codable */,
				3F649260270F964B00DE0350 /* Models */,
				3F64925F270F964300DE0350 /* ViewModels */,
				3F649264270F967200DE0350 /* Services */,
				3F841A8B2712905000E68973 /* Storyboards */,
				3F649263270F966A00DE0350 /* Common */,
				3F649262270F965900DE0350 /* Controllers */,
				3F649261270F965100DE0350 /* Utilities */,
				3F649234270BA50900DE0350 /* Assets.xcassets */,
				3F649239270BA50900DE0350 /* Info.plist */,
				3F649231270BA50500DE0350 /* ParamedicsApp.xcdatamodeld */,
			);
			path = ParamedicsApp;
			sourceTree = "<group>";
		};
		3F649241270BA50900DE0350 /* ParamedicsAppTests */ = {
			isa = PBXGroup;
			children = (
				3F649242270BA50900DE0350 /* SigninModelTests.swift */,
				3F17CF66275C436200874DCB /* StringUtilitiesTests.swift */,
				3F17CF6A275C4F9600874DCB /* EmailUtilitiesTests.swift */,
				3F17CF6C275C5C2700874DCB /* DateTimeUtilitiesTests.swift */,
				3F17CF70275D313700874DCB /* UserProfileTests.swift */,
				3F17CF72275D33E600874DCB /* ParamedicsSlowTests.swift */,
				3F649244270BA50900DE0350 /* Info.plist */,
			);
			path = ParamedicsAppTests;
			sourceTree = "<group>";
		};
		3F64924C270BA50900DE0350 /* ParamedicsAppUITests */ = {
			isa = PBXGroup;
			children = (
				3F64924D270BA50900DE0350 /* SignInScreenUITests.swift */,
				3F934BCD27651D69006C1BD6 /* AssessmentFormUITests.swift */,
				3F64924F270BA50900DE0350 /* Info.plist */,
			);
			path = ParamedicsAppUITests;
			sourceTree = "<group>";
		};
		3F64925F270F964300DE0350 /* ViewModels */ = {
			isa = PBXGroup;
			children = (
				3F841A8C271290A400E68973 /* ViewModel.swift */,
			);
			path = ViewModels;
			sourceTree = "<group>";
		};
		3F649260270F964B00DE0350 /* Models */ = {
			isa = PBXGroup;
			children = (
				3F7868632719ED63001615A7 /* AssessmentModel.swift */,
				3F6B2FAC2742E89000F881CE /* ResourcesModel.swift */,
				3F8D6D26275534C5007980A2 /* ContactModel.swift */,
				3FD6BDF9275A9CB50066B928 /* InforProtectAct.swift */,
				3FD6BDFD275AAF1A0066B928 /* UserProfile.swift */,
				3FC2BCB3275C275E00A7CD9E /* SignInModel.swift */,
			);
			path = Models;
			sourceTree = "<group>";
		};
		3F649261270F965100DE0350 /* Utilities */ = {
			isa = PBXGroup;
			children = (
				3F841A7927128ABE00E68973 /* ColorExtensions.swift */,
				3F841A7B27128ADE00E68973 /* Box.swift */,
				3F841A7D27128CDC00E68973 /* UIExtensions.swift */,
				3F841A7F27128CF600E68973 /* TableViewUtilities.swift */,
				3F841A8327128D7200E68973 /* NetworkReachability.swift */,
				3F520F5A2716164200B037DD /* Identifiers.swift */,
				3F3A21F1271F207D0036A045 /* LayoutConstraints.swift */,
				3F347E5C27288F40000E4306 /* QuestionInfor.swift */,
				3F59BACA273037B300A261C3 /* DateTypeUtilities.swift */,
				3FE72AED2737161F00728E26 /* TextFieldUtilities.swift */,
				3F1062DE27503EA8000A59DF /* AlertUtilities.swift */,
				3FFF475327541CD000A5CB1C /* PhoneCallUtilities.swift */,
				3FFF4755275422CE00A5CB1C /* EmailUtilities.swift */,
				3FFF475B27546CEB00A5CB1C /* CodableUtilities.swift */,
				3F8D6D2827554DD3007980A2 /* ContactUtilities.swift */,
				3F9B8F4B2755C8C40016655D /* Extension.swift */,
				3F50A375275966390053C65E /* KeyChain.swift */,
				3FD6BDFB275AA14E0066B928 /* MenuUtilities.swift */,
			);
			path = Utilities;
			sourceTree = "<group>";
		};
		3F649262270F965900DE0350 /* Controllers */ = {
			isa = PBXGroup;
			children = (
				3F649265270F969900DE0350 /* AssessmentFoldersViewController.swift */,
				3F649267270F96B000DE0350 /* ResourcesViewController.swift */,
				3F649269270F96BD00DE0350 /* ContactsViewController.swift */,
				3F520F512716046700B037DD /* AssessmentsViewController.swift */,
				3F520F58271614B700B037DD /* MobilityTUGViewController.swift */,
				3FA365AE273990DB00068F45 /* ClientFallRiskViewController.swift */,
				3F17FDF92740425900BE78DB /* EdmontonSymptonViewController.swift */,
				3F1A87E62740B1E8000407C8 /* AlcoholWithdrawalViewController.swift */,
				3F6B2FAE2742F96F00F881CE /* ResourceDetailsViewController.swift */,
				3F6B2FB02742F98D00F881CE /* ResourceWebViewController.swift */,
				3F837A6227457222003E24DE /* MiniMentalStateViewController.swift */,
				3FFF475727543B8F00A5CB1C /* SubContactViewController.swift */,
				3FFF475927543BC700A5CB1C /* ContactDetailsViewController.swift */,
				3F50A373275801660053C65E /* SignInViewController.swift */,
				3FAD74F6275A8B9000081176 /* MenuListController.swift */,
				3FD6BDF7275A9B6D0066B928 /* InforProtectActViewController.swift */,
			);
			path = Controllers;
			sourceTree = "<group>";
		};
		3F649263270F966A00DE0350 /* Common */ = {
			isa = PBXGroup;
			children = (
				3F649228270BA50500DE0350 /* AppDelegate.swift */,
				3F64922A270BA50500DE0350 /* SceneDelegate.swift */,
			);
			path = Common;
			sourceTree = "<group>";
		};
		3F649264270F967200DE0350 /* Services */ = {
			isa = PBXGroup;
			children = (
				3F841A892712900D00E68973 /* NetworkingServices.swift */,
			);
			path = Services;
			sourceTree = "<group>";
		};
		3F6B2FA72742DCC800F881CE /* ResourcesCell */ = {
			isa = PBXGroup;
			children = (
				3F6B2FA82742DF1500F881CE /* ResourceCell.swift */,
				3F6B2FAA2742DFFC00F881CE /* ResourceCell.xib */,
				3F6B2FB22742FD6600F881CE /* ContactInforCell.swift */,
				3F6B2FB42742FD7200F881CE /* ContactInforCell.xib */,
				3F6B2FB62742FFC600F881CE /* WebsiteURLCell.swift */,
				3F6B2FB82742FFD400F881CE /* WebsiteURLCell.xib */,
				3F17CF74275E941A00874DCB /* ContactItemCell.xib */,
				3F17CF76275E95CD00874DCB /* ContactItemCell.swift */,
			);
			path = ResourcesCell;
			sourceTree = "<group>";
		};
		3F7868622719ECC4001615A7 /* Codable */ = {
			isa = PBXGroup;
			children = (
				3F841A8727128F4700E68973 /* AssessementFolder.swift */,
				3F9A0D7A273E15C100144F5C /* AssessmentForm.swift */,
				3F2E3D6B2752D67A0003D88F /* Resource.swift */,
			);
			path = Codable;
			sourceTree = "<group>";
		};
		3F841A8B2712905000E68973 /* Storyboards */ = {
			isa = PBXGroup;
			children = (
				3F64922E270BA50500DE0350 /* Main.storyboard */,
				3F649236270BA50900DE0350 /* LaunchScreen.storyboard */,
			);
			path = Storyboards;
			sourceTree = "<group>";
		};
		3F841A93271292AA00E68973 /* AssessmentCell */ = {
			isa = PBXGroup;
			children = (
				3F17FDF82740417B00BE78DB /* AlcoholWithdrawalFormCell */,
				3F17FDF7274040F400BE78DB /* EdmontonSymptonFormCell */,
				3F17FDF62740363800BE78DB /* MiniMentalStateFormCell */,
				3FA365A12739893900068F45 /* ClientFallRiskFormCell */,
				3F520F552716065600B037DD /* RegularCell */,
				3F841A942712931000E68973 /* QuestionCell */,
			);
			path = AssessmentCell;
			sourceTree = "<group>";
		};
		3F841A942712931000E68973 /* QuestionCell */ = {
			isa = PBXGroup;
			children = (
				3FB51706271E057B00A837D9 /* FillupQuestionType */,
				3FB51705271E056500A837D9 /* MultipleChoiceWithInputQuestionType */,
				3FB51704271E053D00A837D9 /* MultipleChoiceQuestionType */,
				3FB516FF271DFB2D00A837D9 /* FormMetadataQuestionType */,
				3F5A0717271D0D920087C9E9 /* YesOrNoQuestionType */,
				3FCEA041272E1DB000CDB834 /* QuestionTitle */,
			);
			path = QuestionCell;
			sourceTree = "<group>";
		};
		3F8D6D2A27556A1E007980A2 /* ContactCell */ = {
			isa = PBXGroup;
			children = (
				3F8D6D2B27556A8E007980A2 /* ContactCell1.swift */,
				3F8D6D2D27556A9A007980A2 /* ContactCell1.xib */,
				3F8D6D2F27556AA9007980A2 /* ContactCell2.swift */,
				3F8D6D3127556AB6007980A2 /* ContactCell2.xib */,
			);
			path = ContactCell;
			sourceTree = "<group>";
		};
		3FA365A12739893900068F45 /* ClientFallRiskFormCell */ = {
			isa = PBXGroup;
			children = (
				3FA365B12739965300068F45 /* MainCell.swift */,
				3FA365B32739967B00068F45 /* MainCell.xib */,
				3FA365AA27398A2400068F45 /* DefinitionCell.xib */,
				3FA365AC27398E3800068F45 /* DefinitionCell.swift */,
				3FA365A6273989FF00068F45 /* RiskFactorCell.xib */,
				3FA365A4273989F200068F45 /* RiskFactorCell.swift */,
			);
			path = ClientFallRiskFormCell;
			sourceTree = "<group>";
		};
		3FB516FF271DFB2D00A837D9 /* FormMetadataQuestionType */ = {
			isa = PBXGroup;
			children = (
				3F7D2030271CBCDF0053236B /* FormMetadataCell.xib */,
				3F7D2032271CBCEB0053236B /* FormMetadataCell.swift */,
				3FB51700271DFB7200A837D9 /* LabelAndInputCell.xib */,
				3FB51702271DFB9700A837D9 /* LabelAndInputCell.swift */,
			);
			path = FormMetadataQuestionType;
			sourceTree = "<group>";
		};
		3FB51704271E053D00A837D9 /* MultipleChoiceQuestionType */ = {
			isa = PBXGroup;
			children = (
				3F7D202C271CB8270053236B /* MultipleChoiceQuestionCell.xib */,
				3F7D202E271CB8440053236B /* MultipleChoiceQuestionCell.swift */,
			);
			path = MultipleChoiceQuestionType;
			sourceTree = "<group>";
		};
		3FB51705271E056500A837D9 /* MultipleChoiceWithInputQuestionType */ = {
			isa = PBXGroup;
			children = (
				3F7D2034271CBEB90053236B /* MultipleChoiceWithInputQuestionCell.xib */,
				3F7D2036271CBF8C0053236B /* MultipleChoiceWithInputQuestionCell.swift */,
				3F3A21F3271F290A0036A045 /* ChoiceWithInputCell.swift */,
				3F3A21F5271F29380036A045 /* ChoiceWithInputCell.xib */,
			);
			path = MultipleChoiceWithInputQuestionType;
			sourceTree = "<group>";
		};
		3FB51706271E057B00A837D9 /* FillupQuestionType */ = {
			isa = PBXGroup;
			children = (
				3F7D2038271CC2FB0053236B /* FillUpQuestionCell.xib */,
				3F7D203A271CC3110053236B /* FillUpQuestionCell.swift */,
			);
			path = FillupQuestionType;
			sourceTree = "<group>";
		};
		3FCEA041272E1DB000CDB834 /* QuestionTitle */ = {
			isa = PBXGroup;
			children = (
				3FCEA03F272E1D6D00CDB834 /* QuestionTitleCell.swift */,
				3FCEA042272E1DCD00CDB834 /* QuestionTitleCell.xib */,
			);
			path = QuestionTitle;
			sourceTree = "<group>";
		};
		E658467F97EF028D7999553B /* Pods */ = {
			isa = PBXGroup;
			children = (
				36B12CE87E7F46393A5FF3D1 /* Pods-GuelpWellingtonParamedicsApp.debug.xcconfig */,
				6EE6705C01C401235FA10AAE /* Pods-GuelpWellingtonParamedicsApp.release.xcconfig */,
				BCE7EE2452D4EF8D1EDCC124 /* Pods-ParamedicsApp.debug.xcconfig */,
				0BF42CA3C969A621D8DDCD89 /* Pods-ParamedicsApp.release.xcconfig */,
			);
			path = Pods;
			sourceTree = "<group>";
		};
/* End PBXGroup section */

/* Begin PBXNativeTarget section */
		3F649224270BA50500DE0350 /* ParamedicsApp */ = {
			isa = PBXNativeTarget;
			buildConfigurationList = 3F649252270BA50900DE0350 /* Build configuration list for PBXNativeTarget "ParamedicsApp" */;
			buildPhases = (
				8D097497FB26BC5288290EC4 /* [CP] Check Pods Manifest.lock */,
				3F649221270BA50500DE0350 /* Sources */,
				3F649222270BA50500DE0350 /* Frameworks */,
				3F649223270BA50500DE0350 /* Resources */,
				3B17854F6A2148DBE4115C21 /* [CP] Embed Pods Frameworks */,
			);
			buildRules = (
			);
			dependencies = (
			);
			name = ParamedicsApp;
			productName = GuelpWellingtonParamedicsApp;
			productReference = 3F649225270BA50500DE0350 /* ParamedicsApp.app */;
			productType = "com.apple.product-type.application";
		};
		3F64923D270BA50900DE0350 /* ParamedicsAppTests */ = {
			isa = PBXNativeTarget;
			buildConfigurationList = 3F649255270BA50900DE0350 /* Build configuration list for PBXNativeTarget "ParamedicsAppTests" */;
			buildPhases = (
				3F64923A270BA50900DE0350 /* Sources */,
				3F64923B270BA50900DE0350 /* Frameworks */,
				3F64923C270BA50900DE0350 /* Resources */,
			);
			buildRules = (
			);
			dependencies = (
				3F649240270BA50900DE0350 /* PBXTargetDependency */,
			);
			name = ParamedicsAppTests;
			productName = GuelpWellingtonParamedicsAppTests;
			productReference = 3F64923E270BA50900DE0350 /* ParamedicsAppTests.xctest */;
			productType = "com.apple.product-type.bundle.unit-test";
		};
		3F649248270BA50900DE0350 /* ParamedicsAppUITests */ = {
			isa = PBXNativeTarget;
			buildConfigurationList = 3F649258270BA50900DE0350 /* Build configuration list for PBXNativeTarget "ParamedicsAppUITests" */;
			buildPhases = (
				3F649245270BA50900DE0350 /* Sources */,
				3F649246270BA50900DE0350 /* Frameworks */,
				3F649247270BA50900DE0350 /* Resources */,
			);
			buildRules = (
			);
			dependencies = (
				3F64924B270BA50900DE0350 /* PBXTargetDependency */,
			);
			name = ParamedicsAppUITests;
			productName = GuelpWellingtonParamedicsAppUITests;
			productReference = 3F649249270BA50900DE0350 /* ParamedicsAppUITests.xctest */;
			productType = "com.apple.product-type.bundle.ui-testing";
		};
/* End PBXNativeTarget section */

/* Begin PBXProject section */
		3F64921D270BA50500DE0350 /* Project object */ = {
			isa = PBXProject;
			attributes = {
				LastSwiftUpdateCheck = 1250;
				LastUpgradeCheck = 1250;
				TargetAttributes = {
					3F649224270BA50500DE0350 = {
						CreatedOnToolsVersion = 12.5.1;
					};
					3F64923D270BA50900DE0350 = {
						CreatedOnToolsVersion = 12.5.1;
						TestTargetID = 3F649224270BA50500DE0350;
					};
					3F649248270BA50900DE0350 = {
						CreatedOnToolsVersion = 12.5.1;
						TestTargetID = 3F649224270BA50500DE0350;
					};
				};
			};
			buildConfigurationList = 3F649220270BA50500DE0350 /* Build configuration list for PBXProject "ParamedicsApp" */;
			compatibilityVersion = "Xcode 9.3";
			developmentRegion = en;
			hasScannedForEncodings = 0;
			knownRegions = (
				en,
				Base,
			);
			mainGroup = 3F64921C270BA50500DE0350;
			productRefGroup = 3F649226270BA50500DE0350 /* Products */;
			projectDirPath = "";
			projectRoot = "";
			targets = (
				3F649224270BA50500DE0350 /* ParamedicsApp */,
				3F64923D270BA50900DE0350 /* ParamedicsAppTests */,
				3F649248270BA50900DE0350 /* ParamedicsAppUITests */,
			);
		};
/* End PBXProject section */

/* Begin PBXResourcesBuildPhase section */
		3F649223270BA50500DE0350 /* Resources */ = {
			isa = PBXResourcesBuildPhase;
			buildActionMask = 2147483647;
			files = (
				3FA365AB27398A2400068F45 /* DefinitionCell.xib in Resources */,
				3FA673632747636200D2F518 /* TextViewCell.xib in Resources */,
				3FCEA043272E1DCD00CDB834 /* QuestionTitleCell.xib in Resources */,
				3FA365B42739967B00068F45 /* MainCell.xib in Resources */,
				3F6C9902274567680072A286 /* FirstTypeCell.xib in Resources */,
				3F1A87E52740AA3D000407C8 /* WithdrawalCell.xib in Resources */,
				3F837A6727458765003E24DE /* SecondTypeCell.xib in Resources */,
				3F7D2031271CBCDF0053236B /* FormMetadataCell.xib in Resources */,
				3F520F54271605FD00B037DD /* AssessmentItemCell.xib in Resources */,
				3F7D203D271CD2140053236B /* BlankCell.xib in Resources */,
				3F649238270BA50900DE0350 /* LaunchScreen.storyboard in Resources */,
				3F7D2035271CBEB90053236B /* MultipleChoiceWithInputQuestionCell.xib in Resources */,
				3F6B2FB92742FFD400F881CE /* WebsiteURLCell.xib in Resources */,
				3FB5170A271E1E9900A837D9 /* FormSubmitCell.xib in Resources */,
				3FB51701271DFB7200A837D9 /* LabelAndInputCell.xib in Resources */,
				3F6B2FAB2742DFFC00F881CE /* ResourceCell.xib in Resources */,
				3F3A21F6271F29380036A045 /* ChoiceWithInputCell.xib in Resources */,
				3F8D6D3227556AB6007980A2 /* ContactCell2.xib in Resources */,
				3F7D2039271CC2FB0053236B /* FillUpQuestionCell.xib in Resources */,
				3F17CF75275E941A00874DCB /* ContactItemCell.xib in Resources */,
				3F7D202D271CB8270053236B /* MultipleChoiceQuestionCell.xib in Resources */,
				3F17FDFE274043B000BE78DB /* RateCell.xib in Resources */,
				3F6B2FB52742FD7200F881CE /* ContactInforCell.xib in Resources */,
				3F837A6927459C98003E24DE /* ThirdTypeCell.xib in Resources */,
				3FA365A7273989FF00068F45 /* RiskFactorCell.xib in Resources */,
				3F649235270BA50900DE0350 /* Assets.xcassets in Resources */,
				3F649230270BA50500DE0350 /* Main.storyboard in Resources */,
				3F8D6D2E27556A9A007980A2 /* ContactCell1.xib in Resources */,
				3F08B8082740BCC10074EC20 /* RateView.xib in Resources */,
				3F7D2029271CB57A0053236B /* YesNoQuestionCell.xib in Resources */,
				3F5A0719271D0DB50087C9E9 /* LabelAndCheckRadioCell.xib in Resources */,
			);
			runOnlyForDeploymentPostprocessing = 0;
		};
		3F64923C270BA50900DE0350 /* Resources */ = {
			isa = PBXResourcesBuildPhase;
			buildActionMask = 2147483647;
			files = (
			);
			runOnlyForDeploymentPostprocessing = 0;
		};
		3F649247270BA50900DE0350 /* Resources */ = {
			isa = PBXResourcesBuildPhase;
			buildActionMask = 2147483647;
			files = (
			);
			runOnlyForDeploymentPostprocessing = 0;
		};
/* End PBXResourcesBuildPhase section */

/* Begin PBXShellScriptBuildPhase section */
		3B17854F6A2148DBE4115C21 /* [CP] Embed Pods Frameworks */ = {
			isa = PBXShellScriptBuildPhase;
			buildActionMask = 2147483647;
			files = (
			);
			inputFileListPaths = (
				"${PODS_ROOT}/Target Support Files/Pods-ParamedicsApp/Pods-ParamedicsApp-frameworks-${CONFIGURATION}-input-files.xcfilelist",
			);
			name = "[CP] Embed Pods Frameworks";
			outputFileListPaths = (
				"${PODS_ROOT}/Target Support Files/Pods-ParamedicsApp/Pods-ParamedicsApp-frameworks-${CONFIGURATION}-output-files.xcfilelist",
			);
			runOnlyForDeploymentPostprocessing = 0;
			shellPath = /bin/sh;
			shellScript = "\"${PODS_ROOT}/Target Support Files/Pods-ParamedicsApp/Pods-ParamedicsApp-frameworks.sh\"\n";
			showEnvVarsInLog = 0;
		};
		8D097497FB26BC5288290EC4 /* [CP] Check Pods Manifest.lock */ = {
			isa = PBXShellScriptBuildPhase;
			buildActionMask = 2147483647;
			files = (
			);
			inputFileListPaths = (
			);
			inputPaths = (
				"${PODS_PODFILE_DIR_PATH}/Podfile.lock",
				"${PODS_ROOT}/Manifest.lock",
			);
			name = "[CP] Check Pods Manifest.lock";
			outputFileListPaths = (
			);
			outputPaths = (
				"$(DERIVED_FILE_DIR)/Pods-ParamedicsApp-checkManifestLockResult.txt",
			);
			runOnlyForDeploymentPostprocessing = 0;
			shellPath = /bin/sh;
			shellScript = "diff \"${PODS_PODFILE_DIR_PATH}/Podfile.lock\" \"${PODS_ROOT}/Manifest.lock\" > /dev/null\nif [ $? != 0 ] ; then\n    # print error to STDERR\n    echo \"error: The sandbox is not in sync with the Podfile.lock. Run 'pod install' or update your CocoaPods installation.\" >&2\n    exit 1\nfi\n# This output is used by Xcode 'outputs' to avoid re-running this script phase.\necho \"SUCCESS\" > \"${SCRIPT_OUTPUT_FILE_0}\"\n";
			showEnvVarsInLog = 0;
		};
/* End PBXShellScriptBuildPhase section */

/* Begin PBXSourcesBuildPhase section */
		3F649221270BA50500DE0350 /* Sources */ = {
			isa = PBXSourcesBuildPhase;
			buildActionMask = 2147483647;
			files = (
				3FA365AD27398E3800068F45 /* DefinitionCell.swift in Sources */,
				3FCEA040272E1D6D00CDB834 /* QuestionTitleCell.swift in Sources */,
				3FFF475827543B8F00A5CB1C /* SubContactViewController.swift in Sources */,
				3F841A7C27128ADE00E68973 /* Box.swift in Sources */,
				3F1062DF27503EA8000A59DF /* AlertUtilities.swift in Sources */,
				3F6B2FAD2742E89100F881CE /* ResourcesModel.swift in Sources */,
				3F7D203B271CC3110053236B /* FillUpQuestionCell.swift in Sources */,
				3FA365A5273989F200068F45 /* RiskFactorCell.swift in Sources */,
				3F6B2FB12742F98D00F881CE /* ResourceWebViewController.swift in Sources */,
				3F8D6D3027556AA9007980A2 /* ContactCell2.swift in Sources */,
				3FA365B22739965300068F45 /* MainCell.swift in Sources */,
				3F5A0716271D0D830087C9E9 /* LabelAndCheckRadioCell.swift in Sources */,
				3F8D6D27275534C5007980A2 /* ContactModel.swift in Sources */,
				3F7D202B271CB6660053236B /* YesNoQuestionCell.swift in Sources */,
				3FC2BCB4275C275E00A7CD9E /* SignInModel.swift in Sources */,
				3F347E5D27288F40000E4306 /* QuestionInfor.swift in Sources */,
				3F2E3D6C2752D67A0003D88F /* Resource.swift in Sources */,
				3FD6BDF8275A9B6D0066B928 /* InforProtectActViewController.swift in Sources */,
				3F520F572716067000B037DD /* AssessmentItemCell.swift in Sources */,
				3FB51703271DFB9700A837D9 /* LabelAndInputCell.swift in Sources */,
				3FA673652747636D00D2F518 /* TextViewCell.swift in Sources */,
				3F6B2FA92742DF1500F881CE /* ResourceCell.swift in Sources */,
				3F08B80A2740BCCD0074EC20 /* RateView.swift in Sources */,
				3FD6BDFE275AAF1A0066B928 /* UserProfile.swift in Sources */,
				3F3A21F2271F207D0036A045 /* LayoutConstraints.swift in Sources */,
				3FB51708271E1E7900A837D9 /* FormSubmitCell.swift in Sources */,
				3F837A6327457222003E24DE /* MiniMentalStateViewController.swift in Sources */,
				3F50A374275801660053C65E /* SignInViewController.swift in Sources */,
				3F649268270F96B000DE0350 /* ResourcesViewController.swift in Sources */,
				3F1A87E32740AA25000407C8 /* WithdrawalCell.swift in Sources */,
				3F8D6D2C27556A8E007980A2 /* ContactCell1.swift in Sources */,
				3FFF4756275422CE00A5CB1C /* EmailUtilities.swift in Sources */,
				3F6B2FB72742FFC600F881CE /* WebsiteURLCell.swift in Sources */,
				3F9A0D7B273E15C100144F5C /* AssessmentForm.swift in Sources */,
				3F6B2FAF2742F96F00F881CE /* ResourceDetailsViewController.swift in Sources */,
				3F17CF77275E95CD00874DCB /* ContactItemCell.swift in Sources */,
				3F7868642719ED63001615A7 /* AssessmentModel.swift in Sources */,
				3F59BACB273037B400A261C3 /* DateTypeUtilities.swift in Sources */,
				3F64926A270F96BD00DE0350 /* ContactsViewController.swift in Sources */,
				3F520F522716046700B037DD /* AssessmentsViewController.swift in Sources */,
				3F649229270BA50500DE0350 /* AppDelegate.swift in Sources */,
				3F50A376275966390053C65E /* KeyChain.swift in Sources */,
				3F520F5B2716164200B037DD /* Identifiers.swift in Sources */,
				3F64922B270BA50500DE0350 /* SceneDelegate.swift in Sources */,
				3F841A8A2712900D00E68973 /* NetworkingServices.swift in Sources */,
				3F6B2FB32742FD6600F881CE /* ContactInforCell.swift in Sources */,
				3F837A652745875C003E24DE /* SecondTypeCell.swift in Sources */,
				3F649233270BA50500DE0350 /* ParamedicsApp.xcdatamodeld in Sources */,
				3F841A7E27128CDC00E68973 /* UIExtensions.swift in Sources */,
				3F17FDFA2740425900BE78DB /* EdmontonSymptonViewController.swift in Sources */,
				3F649266270F969900DE0350 /* AssessmentFoldersViewController.swift in Sources */,
				3F6C9904274567E60072A286 /* FirstTypeCell.swift in Sources */,
				3F7D203F271CD2260053236B /* BlankCell.swift in Sources */,
				3F7D2037271CBF8C0053236B /* MultipleChoiceWithInputQuestionCell.swift in Sources */,
				3F841A8D271290A400E68973 /* ViewModel.swift in Sources */,
				3FFF475A27543BC700A5CB1C /* ContactDetailsViewController.swift in Sources */,
				3FAD74F7275A8B9000081176 /* MenuListController.swift in Sources */,
				3F1A87E72740B1E8000407C8 /* AlcoholWithdrawalViewController.swift in Sources */,
				3F841A8027128CF600E68973 /* TableViewUtilities.swift in Sources */,
				3F841A8827128F4700E68973 /* AssessementFolder.swift in Sources */,
				3F9B8F4C2755C8C40016655D /* Extension.swift in Sources */,
				3F3A21F4271F290A0036A045 /* ChoiceWithInputCell.swift in Sources */,
				3F841A7A27128ABE00E68973 /* ColorExtensions.swift in Sources */,
				3F841A8427128D7300E68973 /* NetworkReachability.swift in Sources */,
				3FD6BDFC275AA14E0066B928 /* MenuUtilities.swift in Sources */,
				3F7D2033271CBCEB0053236B /* FormMetadataCell.swift in Sources */,
				3FE72AEE2737161F00728E26 /* TextFieldUtilities.swift in Sources */,
				3FD6BDFA275A9CB50066B928 /* InforProtectAct.swift in Sources */,
				3FFF475C27546CEB00A5CB1C /* CodableUtilities.swift in Sources */,
				3F8D6D2927554DD3007980A2 /* ContactUtilities.swift in Sources */,
				3FA365AF273990DB00068F45 /* ClientFallRiskViewController.swift in Sources */,
				3F7D202F271CB8440053236B /* MultipleChoiceQuestionCell.swift in Sources */,
				3F520F59271614B700B037DD /* MobilityTUGViewController.swift in Sources */,
				3FFF475427541CD000A5CB1C /* PhoneCallUtilities.swift in Sources */,
				3F837A6B2745A168003E24DE /* ThirdTypeCell.swift in Sources */,
				3F17FDFC274043A100BE78DB /* RateCell.swift in Sources */,
			);
			runOnlyForDeploymentPostprocessing = 0;
		};
		3F64923A270BA50900DE0350 /* Sources */ = {
			isa = PBXSourcesBuildPhase;
			buildActionMask = 2147483647;
			files = (
				3F649243270BA50900DE0350 /* SigninModelTests.swift in Sources */,
				3F17CF67275C436200874DCB /* StringUtilitiesTests.swift in Sources */,
				3F17CF6B275C4F9600874DCB /* EmailUtilitiesTests.swift in Sources */,
				3F17CF73275D33E600874DCB /* ParamedicsSlowTests.swift in Sources */,
				3F17CF6D275C5C2700874DCB /* DateTimeUtilitiesTests.swift in Sources */,
				3F17CF71275D313700874DCB /* UserProfileTests.swift in Sources */,
			);
			runOnlyForDeploymentPostprocessing = 0;
		};
		3F649245270BA50900DE0350 /* Sources */ = {
			isa = PBXSourcesBuildPhase;
			buildActionMask = 2147483647;
			files = (
				3F64924E270BA50900DE0350 /* SignInScreenUITests.swift in Sources */,
				3F934BCE27651D69006C1BD6 /* AssessmentFormUITests.swift in Sources */,
			);
			runOnlyForDeploymentPostprocessing = 0;
		};
/* End PBXSourcesBuildPhase section */

/* Begin PBXTargetDependency section */
		3F649240270BA50900DE0350 /* PBXTargetDependency */ = {
			isa = PBXTargetDependency;
			target = 3F649224270BA50500DE0350 /* ParamedicsApp */;
			targetProxy = 3F64923F270BA50900DE0350 /* PBXContainerItemProxy */;
		};
		3F64924B270BA50900DE0350 /* PBXTargetDependency */ = {
			isa = PBXTargetDependency;
			target = 3F649224270BA50500DE0350 /* ParamedicsApp */;
			targetProxy = 3F64924A270BA50900DE0350 /* PBXContainerItemProxy */;
		};
/* End PBXTargetDependency section */

/* Begin PBXVariantGroup section */
		3F64922E270BA50500DE0350 /* Main.storyboard */ = {
			isa = PBXVariantGroup;
			children = (
				3F64922F270BA50500DE0350 /* Base */,
			);
			name = Main.storyboard;
			sourceTree = "<group>";
		};
		3F649236270BA50900DE0350 /* LaunchScreen.storyboard */ = {
			isa = PBXVariantGroup;
			children = (
				3F649237270BA50900DE0350 /* Base */,
			);
			name = LaunchScreen.storyboard;
			sourceTree = "<group>";
		};
/* End PBXVariantGroup section */

/* Begin XCBuildConfiguration section */
		3F649250270BA50900DE0350 /* Debug */ = {
			isa = XCBuildConfiguration;
			buildSettings = {
				ALWAYS_SEARCH_USER_PATHS = NO;
				CLANG_ANALYZER_NONNULL = YES;
				CLANG_ANALYZER_NUMBER_OBJECT_CONVERSION = YES_AGGRESSIVE;
				CLANG_CXX_LANGUAGE_STANDARD = "gnu++14";
				CLANG_CXX_LIBRARY = "libc++";
				CLANG_ENABLE_MODULES = YES;
				CLANG_ENABLE_OBJC_ARC = YES;
				CLANG_ENABLE_OBJC_WEAK = YES;
				CLANG_WARN_BLOCK_CAPTURE_AUTORELEASING = YES;
				CLANG_WARN_BOOL_CONVERSION = YES;
				CLANG_WARN_COMMA = YES;
				CLANG_WARN_CONSTANT_CONVERSION = YES;
				CLANG_WARN_DEPRECATED_OBJC_IMPLEMENTATIONS = YES;
				CLANG_WARN_DIRECT_OBJC_ISA_USAGE = YES_ERROR;
				CLANG_WARN_DOCUMENTATION_COMMENTS = YES;
				CLANG_WARN_EMPTY_BODY = YES;
				CLANG_WARN_ENUM_CONVERSION = YES;
				CLANG_WARN_INFINITE_RECURSION = YES;
				CLANG_WARN_INT_CONVERSION = YES;
				CLANG_WARN_NON_LITERAL_NULL_CONVERSION = YES;
				CLANG_WARN_OBJC_IMPLICIT_RETAIN_SELF = YES;
				CLANG_WARN_OBJC_LITERAL_CONVERSION = YES;
				CLANG_WARN_OBJC_ROOT_CLASS = YES_ERROR;
				CLANG_WARN_QUOTED_INCLUDE_IN_FRAMEWORK_HEADER = YES;
				CLANG_WARN_RANGE_LOOP_ANALYSIS = YES;
				CLANG_WARN_STRICT_PROTOTYPES = YES;
				CLANG_WARN_SUSPICIOUS_MOVE = YES;
				CLANG_WARN_UNGUARDED_AVAILABILITY = YES_AGGRESSIVE;
				CLANG_WARN_UNREACHABLE_CODE = YES;
				CLANG_WARN__DUPLICATE_METHOD_MATCH = YES;
				COPY_PHASE_STRIP = NO;
				DEBUG_INFORMATION_FORMAT = dwarf;
				ENABLE_STRICT_OBJC_MSGSEND = YES;
				ENABLE_TESTABILITY = YES;
				GCC_C_LANGUAGE_STANDARD = gnu11;
				GCC_DYNAMIC_NO_PIC = NO;
				GCC_NO_COMMON_BLOCKS = YES;
				GCC_OPTIMIZATION_LEVEL = 0;
				GCC_PREPROCESSOR_DEFINITIONS = (
					"DEBUG=1",
					"$(inherited)",
				);
				GCC_WARN_64_TO_32_BIT_CONVERSION = YES;
				GCC_WARN_ABOUT_RETURN_TYPE = YES_ERROR;
				GCC_WARN_UNDECLARED_SELECTOR = YES;
				GCC_WARN_UNINITIALIZED_AUTOS = YES_AGGRESSIVE;
				GCC_WARN_UNUSED_FUNCTION = YES;
				GCC_WARN_UNUSED_VARIABLE = YES;
				IPHONEOS_DEPLOYMENT_TARGET = 14.5;
				MTL_ENABLE_DEBUG_INFO = INCLUDE_SOURCE;
				MTL_FAST_MATH = YES;
				ONLY_ACTIVE_ARCH = YES;
				SDKROOT = iphoneos;
				SWIFT_ACTIVE_COMPILATION_CONDITIONS = DEBUG;
				SWIFT_OPTIMIZATION_LEVEL = "-Onone";
			};
			name = Debug;
		};
		3F649251270BA50900DE0350 /* Release */ = {
			isa = XCBuildConfiguration;
			buildSettings = {
				ALWAYS_SEARCH_USER_PATHS = NO;
				CLANG_ANALYZER_NONNULL = YES;
				CLANG_ANALYZER_NUMBER_OBJECT_CONVERSION = YES_AGGRESSIVE;
				CLANG_CXX_LANGUAGE_STANDARD = "gnu++14";
				CLANG_CXX_LIBRARY = "libc++";
				CLANG_ENABLE_MODULES = YES;
				CLANG_ENABLE_OBJC_ARC = YES;
				CLANG_ENABLE_OBJC_WEAK = YES;
				CLANG_WARN_BLOCK_CAPTURE_AUTORELEASING = YES;
				CLANG_WARN_BOOL_CONVERSION = YES;
				CLANG_WARN_COMMA = YES;
				CLANG_WARN_CONSTANT_CONVERSION = YES;
				CLANG_WARN_DEPRECATED_OBJC_IMPLEMENTATIONS = YES;
				CLANG_WARN_DIRECT_OBJC_ISA_USAGE = YES_ERROR;
				CLANG_WARN_DOCUMENTATION_COMMENTS = YES;
				CLANG_WARN_EMPTY_BODY = YES;
				CLANG_WARN_ENUM_CONVERSION = YES;
				CLANG_WARN_INFINITE_RECURSION = YES;
				CLANG_WARN_INT_CONVERSION = YES;
				CLANG_WARN_NON_LITERAL_NULL_CONVERSION = YES;
				CLANG_WARN_OBJC_IMPLICIT_RETAIN_SELF = YES;
				CLANG_WARN_OBJC_LITERAL_CONVERSION = YES;
				CLANG_WARN_OBJC_ROOT_CLASS = YES_ERROR;
				CLANG_WARN_QUOTED_INCLUDE_IN_FRAMEWORK_HEADER = YES;
				CLANG_WARN_RANGE_LOOP_ANALYSIS = YES;
				CLANG_WARN_STRICT_PROTOTYPES = YES;
				CLANG_WARN_SUSPICIOUS_MOVE = YES;
				CLANG_WARN_UNGUARDED_AVAILABILITY = YES_AGGRESSIVE;
				CLANG_WARN_UNREACHABLE_CODE = YES;
				CLANG_WARN__DUPLICATE_METHOD_MATCH = YES;
				COPY_PHASE_STRIP = NO;
				DEBUG_INFORMATION_FORMAT = "dwarf-with-dsym";
				ENABLE_NS_ASSERTIONS = NO;
				ENABLE_STRICT_OBJC_MSGSEND = YES;
				GCC_C_LANGUAGE_STANDARD = gnu11;
				GCC_NO_COMMON_BLOCKS = YES;
				GCC_WARN_64_TO_32_BIT_CONVERSION = YES;
				GCC_WARN_ABOUT_RETURN_TYPE = YES_ERROR;
				GCC_WARN_UNDECLARED_SELECTOR = YES;
				GCC_WARN_UNINITIALIZED_AUTOS = YES_AGGRESSIVE;
				GCC_WARN_UNUSED_FUNCTION = YES;
				GCC_WARN_UNUSED_VARIABLE = YES;
				IPHONEOS_DEPLOYMENT_TARGET = 14.5;
				MTL_ENABLE_DEBUG_INFO = NO;
				MTL_FAST_MATH = YES;
				SDKROOT = iphoneos;
				SWIFT_COMPILATION_MODE = wholemodule;
				SWIFT_OPTIMIZATION_LEVEL = "-O";
				VALIDATE_PRODUCT = YES;
			};
			name = Release;
		};
		3F649253270BA50900DE0350 /* Debug */ = {
			isa = XCBuildConfiguration;
			baseConfigurationReference = BCE7EE2452D4EF8D1EDCC124 /* Pods-ParamedicsApp.debug.xcconfig */;
			buildSettings = {
				ASSETCATALOG_COMPILER_APPICON_NAME = AppIcon;
				ASSETCATALOG_COMPILER_GLOBAL_ACCENT_COLOR_NAME = AccentColor;
				CODE_SIGN_STYLE = Automatic;
				CURRENT_PROJECT_VERSION = 1.0.0;
				DEVELOPMENT_TEAM = HB3KZ347K9;
				INFOPLIST_FILE = "$(SRCROOT)/ParamedicsApp/Info.plist";
				IPHONEOS_DEPLOYMENT_TARGET = 13.0;
				LD_RUNPATH_SEARCH_PATHS = (
					"$(inherited)",
					"@executable_path/Frameworks",
				);
				MARKETING_VERSION = 1.0.0;
				PRODUCT_BUNDLE_IDENTIFIER = tynguyen.ParamedicsApp;
				PRODUCT_NAME = "$(TARGET_NAME)";
				SWIFT_VERSION = 5.0;
				TARGETED_DEVICE_FAMILY = "1,2";
			};
			name = Debug;
		};
		3F649254270BA50900DE0350 /* Release */ = {
			isa = XCBuildConfiguration;
			baseConfigurationReference = 0BF42CA3C969A621D8DDCD89 /* Pods-ParamedicsApp.release.xcconfig */;
			buildSettings = {
				ASSETCATALOG_COMPILER_APPICON_NAME = AppIcon;
				ASSETCATALOG_COMPILER_GLOBAL_ACCENT_COLOR_NAME = AccentColor;
				CODE_SIGN_STYLE = Automatic;
				CURRENT_PROJECT_VERSION = 1.0.0;
				DEVELOPMENT_TEAM = HB3KZ347K9;
				INFOPLIST_FILE = "$(SRCROOT)/ParamedicsApp/Info.plist";
				IPHONEOS_DEPLOYMENT_TARGET = 13.0;
				LD_RUNPATH_SEARCH_PATHS = (
					"$(inherited)",
					"@executable_path/Frameworks",
				);
				MARKETING_VERSION = 1.0.0;
				PRODUCT_BUNDLE_IDENTIFIER = tynguyen.ParamedicsApp;
				PRODUCT_NAME = "$(TARGET_NAME)";
				SWIFT_VERSION = 5.0;
				TARGETED_DEVICE_FAMILY = "1,2";
			};
			name = Release;
		};
		3F649256270BA50900DE0350 /* Debug */ = {
			isa = XCBuildConfiguration;
			buildSettings = {
				ALWAYS_EMBED_SWIFT_STANDARD_LIBRARIES = YES;
				BUNDLE_LOADER = "$(TEST_HOST)";
				CODE_SIGN_STYLE = Automatic;
				DEVELOPMENT_TEAM = HB3KZ347K9;
				INFOPLIST_FILE = GuelpWellingtonParamedicsAppTests/Info.plist;
				IPHONEOS_DEPLOYMENT_TARGET = 14.5;
				LD_RUNPATH_SEARCH_PATHS = (
					"$(inherited)",
					"@executable_path/Frameworks",
					"@loader_path/Frameworks",
				);
				PRODUCT_BUNDLE_IDENTIFIER = tynguyen.GuelpWellingtonParamedicsAppTests;
				PRODUCT_NAME = "$(TARGET_NAME)";
				SWIFT_VERSION = 5.0;
				TARGETED_DEVICE_FAMILY = "1,2";
				TEST_HOST = "$(BUILT_PRODUCTS_DIR)/ParamedicsApp.app/ParamedicsApp";
			};
			name = Debug;
		};
		3F649257270BA50900DE0350 /* Release */ = {
			isa = XCBuildConfiguration;
			buildSettings = {
				ALWAYS_EMBED_SWIFT_STANDARD_LIBRARIES = YES;
				BUNDLE_LOADER = "$(TEST_HOST)";
				CODE_SIGN_STYLE = Automatic;
				DEVELOPMENT_TEAM = HB3KZ347K9;
				INFOPLIST_FILE = GuelpWellingtonParamedicsAppTests/Info.plist;
				IPHONEOS_DEPLOYMENT_TARGET = 14.5;
				LD_RUNPATH_SEARCH_PATHS = (
					"$(inherited)",
					"@executable_path/Frameworks",
					"@loader_path/Frameworks",
				);
				PRODUCT_BUNDLE_IDENTIFIER = tynguyen.GuelpWellingtonParamedicsAppTests;
				PRODUCT_NAME = "$(TARGET_NAME)";
				SWIFT_VERSION = 5.0;
				TARGETED_DEVICE_FAMILY = "1,2";
				TEST_HOST = "$(BUILT_PRODUCTS_DIR)/ParamedicsApp.app/ParamedicsApp";
			};
			name = Release;
		};
		3F649259270BA50900DE0350 /* Debug */ = {
			isa = XCBuildConfiguration;
			buildSettings = {
				ALWAYS_EMBED_SWIFT_STANDARD_LIBRARIES = YES;
				CODE_SIGN_STYLE = Automatic;
				DEVELOPMENT_TEAM = HB3KZ347K9;
				INFOPLIST_FILE = GuelpWellingtonParamedicsAppUITests/Info.plist;
				LD_RUNPATH_SEARCH_PATHS = (
					"$(inherited)",
					"@executable_path/Frameworks",
					"@loader_path/Frameworks",
				);
				PRODUCT_BUNDLE_IDENTIFIER = tynguyen.GuelpWellingtonParamedicsAppUITests;
				PRODUCT_NAME = "$(TARGET_NAME)";
				SWIFT_VERSION = 5.0;
				TARGETED_DEVICE_FAMILY = "1,2";
				TEST_TARGET_NAME = GuelpWellingtonParamedicsApp;
			};
			name = Debug;
		};
		3F64925A270BA50900DE0350 /* Release */ = {
			isa = XCBuildConfiguration;
			buildSettings = {
				ALWAYS_EMBED_SWIFT_STANDARD_LIBRARIES = YES;
				CODE_SIGN_STYLE = Automatic;
				DEVELOPMENT_TEAM = HB3KZ347K9;
				INFOPLIST_FILE = GuelpWellingtonParamedicsAppUITests/Info.plist;
				LD_RUNPATH_SEARCH_PATHS = (
					"$(inherited)",
					"@executable_path/Frameworks",
					"@loader_path/Frameworks",
				);
				PRODUCT_BUNDLE_IDENTIFIER = tynguyen.GuelpWellingtonParamedicsAppUITests;
				PRODUCT_NAME = "$(TARGET_NAME)";
				SWIFT_VERSION = 5.0;
				TARGETED_DEVICE_FAMILY = "1,2";
				TEST_TARGET_NAME = GuelpWellingtonParamedicsApp;
			};
			name = Release;
		};
/* End XCBuildConfiguration section */

/* Begin XCConfigurationList section */
		3F649220270BA50500DE0350 /* Build configuration list for PBXProject "ParamedicsApp" */ = {
			isa = XCConfigurationList;
			buildConfigurations = (
				3F649250270BA50900DE0350 /* Debug */,
				3F649251270BA50900DE0350 /* Release */,
			);
			defaultConfigurationIsVisible = 0;
			defaultConfigurationName = Release;
		};
		3F649252270BA50900DE0350 /* Build configuration list for PBXNativeTarget "ParamedicsApp" */ = {
			isa = XCConfigurationList;
			buildConfigurations = (
				3F649253270BA50900DE0350 /* Debug */,
				3F649254270BA50900DE0350 /* Release */,
			);
			defaultConfigurationIsVisible = 0;
			defaultConfigurationName = Release;
		};
		3F649255270BA50900DE0350 /* Build configuration list for PBXNativeTarget "ParamedicsAppTests" */ = {
			isa = XCConfigurationList;
			buildConfigurations = (
				3F649256270BA50900DE0350 /* Debug */,
				3F649257270BA50900DE0350 /* Release */,
			);
			defaultConfigurationIsVisible = 0;
			defaultConfigurationName = Release;
		};
		3F649258270BA50900DE0350 /* Build configuration list for PBXNativeTarget "ParamedicsAppUITests" */ = {
			isa = XCConfigurationList;
			buildConfigurations = (
				3F649259270BA50900DE0350 /* Debug */,
				3F64925A270BA50900DE0350 /* Release */,
			);
			defaultConfigurationIsVisible = 0;
			defaultConfigurationName = Release;
		};
/* End XCConfigurationList section */

/* Begin XCVersionGroup section */
		3F649231270BA50500DE0350 /* ParamedicsApp.xcdatamodeld */ = {
			isa = XCVersionGroup;
			children = (
				3F649232270BA50500DE0350 /* GuelpWellingtonParamedicsApp.xcdatamodel */,
			);
			currentVersion = 3F649232270BA50500DE0350 /* GuelpWellingtonParamedicsApp.xcdatamodel */;
			path = ParamedicsApp.xcdatamodeld;
			sourceTree = "<group>";
			versionGroupType = wrapper.xcdatamodel;
		};
/* End XCVersionGroup section */
	};
	rootObject = 3F64921D270BA50500DE0350 /* Project object */;
}
